
Microsoft Visual Studio Solution File, Format Version 12.00
# Visual Studio 2013
VisualStudioVersion = 12.0.21005.1
MinimumVisualStudioVersion = 10.0.40219.1
Project("{FAE04EC0-301F-11D3-BF4B-00C04F79EFBC}") = "JianzhiOffer_0", "JianzhiOffer_0\JianzhiOffer_0.csproj", "{7329FDDA-767B-4A2E-8845-33695ED99CAC}"
EndProject
Project("{FAE04EC0-301F-11D3-BF4B-00C04F79EFBC}") = "二维数组查找树", "二维数组查找树\二维数组查找树.csproj", "{5FFFF835-08BE-4ADC-8C1F-127BFB8E337F}"
EndProject
Project("{FAE04EC0-301F-11D3-BF4B-00C04F79EFBC}") = "字符串空格替换", "字符串空格替换\字符串空格替换.csproj", "{F785FF88-DC7B-49EC-BED5-8E9096FCF500}"
EndProject
Project("{FAE04EC0-301F-11D3-BF4B-00C04F79EFBC}") = "从尾到头打印链表", "从尾到头打印链表\从尾到头打印链表.csproj", "{759FD244-7946-4FDD-8807-0C9373B6524B}"
EndProject
Project("{FAE04EC0-301F-11D3-BF4B-00C04F79EFBC}") = "用栈实现队列", "用栈实现队列\用栈实现队列.csproj", "{145CB0FB-B6AD-46DE-9D02-6F6F46A194DA}"
EndProject
Project("{FAE04EC0-301F-11D3-BF4B-00C04F79EFBC}") = "旋转数组", "旋转数组\旋转数组.csproj", "{88550514-7A99-4365-B943-A80781810F01}"
EndProject
Project("{FAE04EC0-301F-11D3-BF4B-00C04F79EFBC}") = "背包问题", "背包问题\背包问题.csproj", "{72D36B73-BD46-4D80-BB20-1FEFD2B7CB93}"
EndProject
Project("{FAE04EC0-301F-11D3-BF4B-00C04F79EFBC}") = "01背包问题", "01背包问题\01背包问题.csproj", "{EDE8544E-0365-4EC0-9221-05DFAA3D335D}"
EndProject
Project("{FAE04EC0-301F-11D3-BF4B-00C04F79EFBC}") = "斐波那契数列", "斐波那契数列\斐波那契数列.csproj", "{9383FCE6-FE42-4E8E-88C1-6652FA5AC9FA}"
EndProject
Project("{FAE04EC0-301F-11D3-BF4B-00C04F79EFBC}") = "跳台阶", "跳台阶\跳台阶.csproj", "{EC3E1310-5447-4265-AC2A-4A85E026B776}"
EndProject
Project("{FAE04EC0-301F-11D3-BF4B-00C04F79EFBC}") = "变态跳台阶", "变态跳台阶\变态跳台阶.csproj", "{1BD4A852-6CBE-463C-BBCC-6B3AE4074327}"
EndProject
Project("{FAE04EC0-301F-11D3-BF4B-00C04F79EFBC}") = "矩形覆盖", "矩形覆盖\矩形覆盖.csproj", "{329917ED-4AF0-4C65-BE2D-4A8DD52CD4D9}"
EndProject
Project("{FAE04EC0-301F-11D3-BF4B-00C04F79EFBC}") = "整数二进制包含1的个数", "整数二进制包含1的个数\整数二进制包含1的个数.csproj", "{BD23888A-E665-4782-86B5-2EE58A5B7AF8}"
EndProject
Project("{FAE04EC0-301F-11D3-BF4B-00C04F79EFBC}") = "数值的整数次方", "数值的整数次方\数值的整数次方.csproj", "{00CCE421-6858-4E69-BBF4-71D9A13C7737}"
EndProject
Project("{FAE04EC0-301F-11D3-BF4B-00C04F79EFBC}") = "调整数组顺序使奇数位于偶数前面", "调整数组顺序使奇数位于偶数前面\调整数组顺序使奇数位于偶数前面.csproj", "{5B2E9B2D-20E5-487E-9D32-5F0A0D70C033}"
EndProject
Project("{FAE04EC0-301F-11D3-BF4B-00C04F79EFBC}") = "链表中倒数第K个节点", "链表中倒数第K个节点\链表中倒数第K个节点.csproj", "{2F7710CF-B8A0-461C-A3D6-AF596AE0AA0B}"
EndProject
Project("{FAE04EC0-301F-11D3-BF4B-00C04F79EFBC}") = "反转链表", "反转链表\反转链表.csproj", "{F1B37E1C-A64C-4F2A-B261-859C461D6171}"
EndProject
Global
	GlobalSection(SolutionConfigurationPlatforms) = preSolution
		Debug|Any CPU = Debug|Any CPU
		Release|Any CPU = Release|Any CPU
	EndGlobalSection
	GlobalSection(ProjectConfigurationPlatforms) = postSolution
		{7329FDDA-767B-4A2E-8845-33695ED99CAC}.Debug|Any CPU.ActiveCfg = Debug|Any CPU
		{7329FDDA-767B-4A2E-8845-33695ED99CAC}.Debug|Any CPU.Build.0 = Debug|Any CPU
		{7329FDDA-767B-4A2E-8845-33695ED99CAC}.Release|Any CPU.ActiveCfg = Release|Any CPU
		{7329FDDA-767B-4A2E-8845-33695ED99CAC}.Release|Any CPU.Build.0 = Release|Any CPU
		{5FFFF835-08BE-4ADC-8C1F-127BFB8E337F}.Debug|Any CPU.ActiveCfg = Debug|Any CPU
		{5FFFF835-08BE-4ADC-8C1F-127BFB8E337F}.Debug|Any CPU.Build.0 = Debug|Any CPU
		{5FFFF835-08BE-4ADC-8C1F-127BFB8E337F}.Release|Any CPU.ActiveCfg = Release|Any CPU
		{5FFFF835-08BE-4ADC-8C1F-127BFB8E337F}.Release|Any CPU.Build.0 = Release|Any CPU
		{F785FF88-DC7B-49EC-BED5-8E9096FCF500}.Debug|Any CPU.ActiveCfg = Debug|Any CPU
		{F785FF88-DC7B-49EC-BED5-8E9096FCF500}.Debug|Any CPU.Build.0 = Debug|Any CPU
		{F785FF88-DC7B-49EC-BED5-8E9096FCF500}.Release|Any CPU.ActiveCfg = Release|Any CPU
		{F785FF88-DC7B-49EC-BED5-8E9096FCF500}.Release|Any CPU.Build.0 = Release|Any CPU
		{759FD244-7946-4FDD-8807-0C9373B6524B}.Debug|Any CPU.ActiveCfg = Debug|Any CPU
		{759FD244-7946-4FDD-8807-0C9373B6524B}.Debug|Any CPU.Build.0 = Debug|Any CPU
		{759FD244-7946-4FDD-8807-0C9373B6524B}.Release|Any CPU.ActiveCfg = Release|Any CPU
		{759FD244-7946-4FDD-8807-0C9373B6524B}.Release|Any CPU.Build.0 = Release|Any CPU
		{145CB0FB-B6AD-46DE-9D02-6F6F46A194DA}.Debug|Any CPU.ActiveCfg = Debug|Any CPU
		{145CB0FB-B6AD-46DE-9D02-6F6F46A194DA}.Debug|Any CPU.Build.0 = Debug|Any CPU
		{145CB0FB-B6AD-46DE-9D02-6F6F46A194DA}.Release|Any CPU.ActiveCfg = Release|Any CPU
		{145CB0FB-B6AD-46DE-9D02-6F6F46A194DA}.Release|Any CPU.Build.0 = Release|Any CPU
		{88550514-7A99-4365-B943-A80781810F01}.Debug|Any CPU.ActiveCfg = Debug|Any CPU
		{88550514-7A99-4365-B943-A80781810F01}.Debug|Any CPU.Build.0 = Debug|Any CPU
		{88550514-7A99-4365-B943-A80781810F01}.Release|Any CPU.ActiveCfg = Release|Any CPU
		{88550514-7A99-4365-B943-A80781810F01}.Release|Any CPU.Build.0 = Release|Any CPU
		{72D36B73-BD46-4D80-BB20-1FEFD2B7CB93}.Debug|Any CPU.ActiveCfg = Debug|Any CPU
		{72D36B73-BD46-4D80-BB20-1FEFD2B7CB93}.Debug|Any CPU.Build.0 = Debug|Any CPU
		{72D36B73-BD46-4D80-BB20-1FEFD2B7CB93}.Release|Any CPU.ActiveCfg = Release|Any CPU
		{72D36B73-BD46-4D80-BB20-1FEFD2B7CB93}.Release|Any CPU.Build.0 = Release|Any CPU
		{EDE8544E-0365-4EC0-9221-05DFAA3D335D}.Debug|Any CPU.ActiveCfg = Debug|Any CPU
		{EDE8544E-0365-4EC0-9221-05DFAA3D335D}.Debug|Any CPU.Build.0 = Debug|Any CPU
		{EDE8544E-0365-4EC0-9221-05DFAA3D335D}.Release|Any CPU.ActiveCfg = Release|Any CPU
		{EDE8544E-0365-4EC0-9221-05DFAA3D335D}.Release|Any CPU.Build.0 = Release|Any CPU
		{9383FCE6-FE42-4E8E-88C1-6652FA5AC9FA}.Debug|Any CPU.ActiveCfg = Debug|Any CPU
		{9383FCE6-FE42-4E8E-88C1-6652FA5AC9FA}.Debug|Any CPU.Build.0 = Debug|Any CPU
		{9383FCE6-FE42-4E8E-88C1-6652FA5AC9FA}.Release|Any CPU.ActiveCfg = Release|Any CPU
		{9383FCE6-FE42-4E8E-88C1-6652FA5AC9FA}.Release|Any CPU.Build.0 = Release|Any CPU
		{EC3E1310-5447-4265-AC2A-4A85E026B776}.Debug|Any CPU.ActiveCfg = Debug|Any CPU
		{EC3E1310-5447-4265-AC2A-4A85E026B776}.Debug|Any CPU.Build.0 = Debug|Any CPU
		{EC3E1310-5447-4265-AC2A-4A85E026B776}.Release|Any CPU.ActiveCfg = Release|Any CPU
		{EC3E1310-5447-4265-AC2A-4A85E026B776}.Release|Any CPU.Build.0 = Release|Any CPU
		{1BD4A852-6CBE-463C-BBCC-6B3AE4074327}.Debug|Any CPU.ActiveCfg = Debug|Any CPU
		{1BD4A852-6CBE-463C-BBCC-6B3AE4074327}.Debug|Any CPU.Build.0 = Debug|Any CPU
		{1BD4A852-6CBE-463C-BBCC-6B3AE4074327}.Release|Any CPU.ActiveCfg = Release|Any CPU
		{1BD4A852-6CBE-463C-BBCC-6B3AE4074327}.Release|Any CPU.Build.0 = Release|Any CPU
		{329917ED-4AF0-4C65-BE2D-4A8DD52CD4D9}.Debug|Any CPU.ActiveCfg = Debug|Any CPU
		{329917ED-4AF0-4C65-BE2D-4A8DD52CD4D9}.Debug|Any CPU.Build.0 = Debug|Any CPU
		{329917ED-4AF0-4C65-BE2D-4A8DD52CD4D9}.Release|Any CPU.ActiveCfg = Release|Any CPU
		{329917ED-4AF0-4C65-BE2D-4A8DD52CD4D9}.Release|Any CPU.Build.0 = Release|Any CPU
		{BD23888A-E665-4782-86B5-2EE58A5B7AF8}.Debug|Any CPU.ActiveCfg = Debug|Any CPU
		{BD23888A-E665-4782-86B5-2EE58A5B7AF8}.Debug|Any CPU.Build.0 = Debug|Any CPU
		{BD23888A-E665-4782-86B5-2EE58A5B7AF8}.Release|Any CPU.ActiveCfg = Release|Any CPU
		{BD23888A-E665-4782-86B5-2EE58A5B7AF8}.Release|Any CPU.Build.0 = Release|Any CPU
		{00CCE421-6858-4E69-BBF4-71D9A13C7737}.Debug|Any CPU.ActiveCfg = Debug|Any CPU
		{00CCE421-6858-4E69-BBF4-71D9A13C7737}.Debug|Any CPU.Build.0 = Debug|Any CPU
		{00CCE421-6858-4E69-BBF4-71D9A13C7737}.Release|Any CPU.ActiveCfg = Release|Any CPU
		{00CCE421-6858-4E69-BBF4-71D9A13C7737}.Release|Any CPU.Build.0 = Release|Any CPU
		{5B2E9B2D-20E5-487E-9D32-5F0A0D70C033}.Debug|Any CPU.ActiveCfg = Debug|Any CPU
		{5B2E9B2D-20E5-487E-9D32-5F0A0D70C033}.Debug|Any CPU.Build.0 = Debug|Any CPU
		{5B2E9B2D-20E5-487E-9D32-5F0A0D70C033}.Release|Any CPU.ActiveCfg = Release|Any CPU
		{5B2E9B2D-20E5-487E-9D32-5F0A0D70C033}.Release|Any CPU.Build.0 = Release|Any CPU
		{2F7710CF-B8A0-461C-A3D6-AF596AE0AA0B}.Debug|Any CPU.ActiveCfg = Debug|Any CPU
		{2F7710CF-B8A0-461C-A3D6-AF596AE0AA0B}.Debug|Any CPU.Build.0 = Debug|Any CPU
		{2F7710CF-B8A0-461C-A3D6-AF596AE0AA0B}.Release|Any CPU.ActiveCfg = Release|Any CPU
		{2F7710CF-B8A0-461C-A3D6-AF596AE0AA0B}.Release|Any CPU.Build.0 = Release|Any CPU
		{F1B37E1C-A64C-4F2A-B261-859C461D6171}.Debug|Any CPU.ActiveCfg = Debug|Any CPU
		{F1B37E1C-A64C-4F2A-B261-859C461D6171}.Debug|Any CPU.Build.0 = Debug|Any CPU
		{F1B37E1C-A64C-4F2A-B261-859C461D6171}.Release|Any CPU.ActiveCfg = Release|Any CPU
		{F1B37E1C-A64C-4F2A-B261-859C461D6171}.Release|Any CPU.Build.0 = Release|Any CPU
	EndGlobalSection
	GlobalSection(SolutionProperties) = preSolution
		HideSolutionNode = FALSE
	EndGlobalSection
EndGlobal
