
Microsoft Visual Studio Solution File, Format Version 12.00
# Visual Studio 2013
VisualStudioVersion = 12.0.21005.1
MinimumVisualStudioVersion = 10.0.40219.1
Project("{FAE04EC0-301F-11D3-BF4B-00C04F79EFBC}") = "JianzhiOffer_0", "JianzhiOffer_0\JianzhiOffer_0.csproj", "{7329FDDA-767B-4A2E-8845-33695ED99CAC}"
EndProject
Project("{FAE04EC0-301F-11D3-BF4B-00C04F79EFBC}") = "二维数组查找树", "二维数组查找树\二维数组查找树.csproj", "{5FFFF835-08BE-4ADC-8C1F-127BFB8E337F}"
EndProject
Project("{FAE04EC0-301F-11D3-BF4B-00C04F79EFBC}") = "字符串空格替换", "字符串空格替换\字符串空格替换.csproj", "{F785FF88-DC7B-49EC-BED5-8E9096FCF500}"
EndProject
Project("{FAE04EC0-301F-11D3-BF4B-00C04F79EFBC}") = "从尾到头打印链表", "从尾到头打印链表\从尾到头打印链表.csproj", "{759FD244-7946-4FDD-8807-0C9373B6524B}"
EndProject
Project("{FAE04EC0-301F-11D3-BF4B-00C04F79EFBC}") = "用栈实现队列", "用栈实现队列\用栈实现队列.csproj", "{145CB0FB-B6AD-46DE-9D02-6F6F46A194DA}"
EndProject
Project("{FAE04EC0-301F-11D3-BF4B-00C04F79EFBC}") = "旋转数组", "旋转数组\旋转数组.csproj", "{88550514-7A99-4365-B943-A80781810F01}"
EndProject
Project("{FAE04EC0-301F-11D3-BF4B-00C04F79EFBC}") = "背包问题", "背包问题\背包问题.csproj", "{72D36B73-BD46-4D80-BB20-1FEFD2B7CB93}"
EndProject
Project("{FAE04EC0-301F-11D3-BF4B-00C04F79EFBC}") = "01背包问题", "01背包问题\01背包问题.csproj", "{EDE8544E-0365-4EC0-9221-05DFAA3D335D}"
EndProject
Project("{FAE04EC0-301F-11D3-BF4B-00C04F79EFBC}") = "斐波那契数列", "斐波那契数列\斐波那契数列.csproj", "{9383FCE6-FE42-4E8E-88C1-6652FA5AC9FA}"
EndProject
Project("{FAE04EC0-301F-11D3-BF4B-00C04F79EFBC}") = "跳台阶", "跳台阶\跳台阶.csproj", "{EC3E1310-5447-4265-AC2A-4A85E026B776}"
EndProject
Project("{FAE04EC0-301F-11D3-BF4B-00C04F79EFBC}") = "变态跳台阶", "变态跳台阶\变态跳台阶.csproj", "{1BD4A852-6CBE-463C-BBCC-6B3AE4074327}"
EndProject
Project("{FAE04EC0-301F-11D3-BF4B-00C04F79EFBC}") = "矩形覆盖", "矩形覆盖\矩形覆盖.csproj", "{329917ED-4AF0-4C65-BE2D-4A8DD52CD4D9}"
EndProject
Project("{FAE04EC0-301F-11D3-BF4B-00C04F79EFBC}") = "整数二进制包含1的个数", "整数二进制包含1的个数\整数二进制包含1的个数.csproj", "{BD23888A-E665-4782-86B5-2EE58A5B7AF8}"
EndProject
Project("{FAE04EC0-301F-11D3-BF4B-00C04F79EFBC}") = "数值的整数次方", "数值的整数次方\数值的整数次方.csproj", "{00CCE421-6858-4E69-BBF4-71D9A13C7737}"
EndProject
Project("{FAE04EC0-301F-11D3-BF4B-00C04F79EFBC}") = "调整数组顺序使奇数位于偶数前面", "调整数组顺序使奇数位于偶数前面\调整数组顺序使奇数位于偶数前面.csproj", "{5B2E9B2D-20E5-487E-9D32-5F0A0D70C033}"
EndProject
Project("{FAE04EC0-301F-11D3-BF4B-00C04F79EFBC}") = "链表中倒数第K个节点", "链表中倒数第K个节点\链表中倒数第K个节点.csproj", "{2F7710CF-B8A0-461C-A3D6-AF596AE0AA0B}"
EndProject
Project("{FAE04EC0-301F-11D3-BF4B-00C04F79EFBC}") = "反转链表", "反转链表\反转链表.csproj", "{F1B37E1C-A64C-4F2A-B261-859C461D6171}"
EndProject
Project("{FAE04EC0-301F-11D3-BF4B-00C04F79EFBC}") = "合并两个排序的链表", "合并两个排序的链表\合并两个排序的链表.csproj", "{396063F5-5CE4-40B8-8E89-EA0771CDB01B}"
EndProject
Project("{FAE04EC0-301F-11D3-BF4B-00C04F79EFBC}") = "树的子结构", "树的子结构\树的子结构.csproj", "{149D3891-11E1-47AA-A693-ACBE83033F21}"
EndProject
Project("{FAE04EC0-301F-11D3-BF4B-00C04F79EFBC}") = "二叉树的镜像", "二叉树的镜像\二叉树的镜像.csproj", "{9800C56B-2E82-4344-9702-A64A5F346415}"
EndProject
Project("{FAE04EC0-301F-11D3-BF4B-00C04F79EFBC}") = "顺时针打印矩阵", "顺时针打印数组\顺时针打印矩阵.csproj", "{36401DBD-874F-4FF8-9272-42CF7681EBB3}"
EndProject
Project("{FAE04EC0-301F-11D3-BF4B-00C04F79EFBC}") = "包含min函数的栈", "包含min函数的栈\包含min函数的栈.csproj", "{AA3265C0-7254-4CF5-BF0D-F711115CB925}"
EndProject
Project("{FAE04EC0-301F-11D3-BF4B-00C04F79EFBC}") = "栈的压入弹出队列", "栈的压入弹出队列\栈的压入弹出队列.csproj", "{2C5BCA23-75C3-4645-88AF-B66D9AAD11BD}"
EndProject
Project("{FAE04EC0-301F-11D3-BF4B-00C04F79EFBC}") = "从上往下打印二叉树", "从上往下打印二叉树\从上往下打印二叉树.csproj", "{FEAAFF98-B5BA-4886-9873-EED23B22C41D}"
EndProject
Project("{FAE04EC0-301F-11D3-BF4B-00C04F79EFBC}") = "二叉查找树的后序遍历序列", "二叉查找树的后序遍历序列\二叉查找树的后序遍历序列.csproj", "{5EB70FA9-68D2-4E16-898A-F74DA952BF21}"
EndProject
Project("{FAE04EC0-301F-11D3-BF4B-00C04F79EFBC}") = "二叉树中和为某一值的路径", "二叉树中和为某一值的路径\二叉树中和为某一值的路径.csproj", "{EAF16871-0AC6-4CBC-8694-677AC6004731}"
EndProject
Project("{FAE04EC0-301F-11D3-BF4B-00C04F79EFBC}") = "复杂链表的复制", "复杂链表的复制\复杂链表的复制.csproj", "{375F54BD-4BA9-4283-99FF-477251FB454F}"
EndProject
Project("{FAE04EC0-301F-11D3-BF4B-00C04F79EFBC}") = "二叉搜索树与双向链表", "二叉搜索树与双向链表\二叉搜索树与双向链表.csproj", "{DEB41E0E-A41E-4C61-B180-289022849623}"
EndProject
Project("{FAE04EC0-301F-11D3-BF4B-00C04F79EFBC}") = "字符串的排列", "字符串的排列\字符串的排列.csproj", "{346E0C75-1D2E-48C5-B33F-1C395CDA8F44}"
EndProject
Project("{FAE04EC0-301F-11D3-BF4B-00C04F79EFBC}") = "数组中出现次数超过一半的数字", "数组中出现次数超过一半的数字\数组中出现次数超过一半的数字.csproj", "{868C04C4-DBF4-4481-B636-30FC79CA4C26}"
EndProject
Project("{FAE04EC0-301F-11D3-BF4B-00C04F79EFBC}") = "最小的K个数", "最小的K个数\最小的K个数.csproj", "{3BA38018-9878-4AF4-B48C-9076E2C17C29}"
EndProject
Project("{FAE04EC0-301F-11D3-BF4B-00C04F79EFBC}") = "最大子向量", "最大子向量\最大子向量.csproj", "{34140127-94F8-43EE-B883-A20C9DC4EF44}"
EndProject
Project("{FAE04EC0-301F-11D3-BF4B-00C04F79EFBC}") = "整数中1出现的次数（从1~n）", "整数中1出现的次数（从1~n）\整数中1出现的次数（从1~n）.csproj", "{4096748B-9B3E-437E-8CCF-B29A94EEF04C}"
EndProject
Project("{FAE04EC0-301F-11D3-BF4B-00C04F79EFBC}") = "把数组排成最小的数", "把数组排成最小的数\把数组排成最小的数.csproj", "{02C929FC-F697-4C78-A262-794D93503B07}"
EndProject
Project("{FAE04EC0-301F-11D3-BF4B-00C04F79EFBC}") = "丑数", "丑数\丑数.csproj", "{8A6A2D03-87A1-4EC1-ABAB-30F197AA3143}"
EndProject
Project("{FAE04EC0-301F-11D3-BF4B-00C04F79EFBC}") = "第一个只出现一次", "第一个只出现一次\第一个只出现一次.csproj", "{FB5DC9BF-DAC9-428E-A29B-F59097BEE36E}"
EndProject
Project("{FAE04EC0-301F-11D3-BF4B-00C04F79EFBC}") = "数组中的逆序对", "数组中的逆序对\数组中的逆序对.csproj", "{91288775-6D67-4003-A9CD-2FEB86F78F9A}"
EndProject
Project("{FAE04EC0-301F-11D3-BF4B-00C04F79EFBC}") = "两个链表的第一个公共节点", "两个链表的第一个公共节点\两个链表的第一个公共节点.csproj", "{4DF1CCE4-14DD-4F6C-82EB-6E9DE8CC1288}"
EndProject
Project("{FAE04EC0-301F-11D3-BF4B-00C04F79EFBC}") = "数字在排序数组中出现的次数", "数字在排序数组中出现的次数\数字在排序数组中出现的次数.csproj", "{C630CE17-BA3E-4B4D-B02F-4C99726B84A1}"
EndProject
Project("{FAE04EC0-301F-11D3-BF4B-00C04F79EFBC}") = "二叉树的深度", "二叉树的深度\二叉树的深度.csproj", "{750894F1-C762-42FC-A07E-CCC8DA833B24}"
EndProject
Project("{FAE04EC0-301F-11D3-BF4B-00C04F79EFBC}") = "平衡二叉树", "平衡二叉树\平衡二叉树.csproj", "{F10F4E1D-E18B-4C4E-BEF8-FA7708D07E4E}"
EndProject
Project("{FAE04EC0-301F-11D3-BF4B-00C04F79EFBC}") = "数组中只出现一次的数字", "数组中只出现一次的数字\数组中只出现一次的数字.csproj", "{E42BF9E4-EDF5-469D-B4C6-D556B4176C01}"
EndProject
Project("{FAE04EC0-301F-11D3-BF4B-00C04F79EFBC}") = "和为S的正整数序列", "和为S的正整数序列\和为S的正整数序列.csproj", "{22BAA5E8-BC3F-4C44-B6F0-445AC6ABB19E}"
EndProject
Project("{FAE04EC0-301F-11D3-BF4B-00C04F79EFBC}") = "和为S的两个数字", "和为S的两个数字\和为S的两个数字.csproj", "{B614CDA4-14E3-4564-B630-32051FEDA9DF}"
EndProject
Project("{FAE04EC0-301F-11D3-BF4B-00C04F79EFBC}") = "左旋转字符串", "左旋转字符串\左旋转字符串.csproj", "{8A056F80-9306-4DB6-ADED-2876A7042F3A}"
EndProject
Project("{FAE04EC0-301F-11D3-BF4B-00C04F79EFBC}") = "翻转单词顺序列", "翻转单词顺序列\翻转单词顺序列.csproj", "{AEFEA3E3-E10F-46B0-AD54-B39EE1D1527C}"
EndProject
Project("{FAE04EC0-301F-11D3-BF4B-00C04F79EFBC}") = "扑克牌顺子", "扑克牌顺子\扑克牌顺子.csproj", "{9C57BDF1-524A-4B66-9D5D-F06AA11F663F}"
EndProject
Project("{FAE04EC0-301F-11D3-BF4B-00C04F79EFBC}") = "孩子们的游戏（圆圈中剩下的最后的数）", "孩子们的游戏（圆圈中剩下的最后的数）\孩子们的游戏（圆圈中剩下的最后的数）.csproj", "{32226999-C6B5-4CEF-8F89-0A4FE763DA2D}"
EndProject
Project("{FAE04EC0-301F-11D3-BF4B-00C04F79EFBC}") = "字符串转换成整数", "字符串转换成证书\字符串转换成整数.csproj", "{81B901C7-BEC6-42F0-9017-E71A658B9F1E}"
EndProject
Global
	GlobalSection(SolutionConfigurationPlatforms) = preSolution
		Debug|Any CPU = Debug|Any CPU
		Release|Any CPU = Release|Any CPU
	EndGlobalSection
	GlobalSection(ProjectConfigurationPlatforms) = postSolution
		{7329FDDA-767B-4A2E-8845-33695ED99CAC}.Debug|Any CPU.ActiveCfg = Debug|Any CPU
		{7329FDDA-767B-4A2E-8845-33695ED99CAC}.Debug|Any CPU.Build.0 = Debug|Any CPU
		{7329FDDA-767B-4A2E-8845-33695ED99CAC}.Release|Any CPU.ActiveCfg = Release|Any CPU
		{7329FDDA-767B-4A2E-8845-33695ED99CAC}.Release|Any CPU.Build.0 = Release|Any CPU
		{5FFFF835-08BE-4ADC-8C1F-127BFB8E337F}.Debug|Any CPU.ActiveCfg = Debug|Any CPU
		{5FFFF835-08BE-4ADC-8C1F-127BFB8E337F}.Debug|Any CPU.Build.0 = Debug|Any CPU
		{5FFFF835-08BE-4ADC-8C1F-127BFB8E337F}.Release|Any CPU.ActiveCfg = Release|Any CPU
		{5FFFF835-08BE-4ADC-8C1F-127BFB8E337F}.Release|Any CPU.Build.0 = Release|Any CPU
		{F785FF88-DC7B-49EC-BED5-8E9096FCF500}.Debug|Any CPU.ActiveCfg = Debug|Any CPU
		{F785FF88-DC7B-49EC-BED5-8E9096FCF500}.Debug|Any CPU.Build.0 = Debug|Any CPU
		{F785FF88-DC7B-49EC-BED5-8E9096FCF500}.Release|Any CPU.ActiveCfg = Release|Any CPU
		{F785FF88-DC7B-49EC-BED5-8E9096FCF500}.Release|Any CPU.Build.0 = Release|Any CPU
		{759FD244-7946-4FDD-8807-0C9373B6524B}.Debug|Any CPU.ActiveCfg = Debug|Any CPU
		{759FD244-7946-4FDD-8807-0C9373B6524B}.Debug|Any CPU.Build.0 = Debug|Any CPU
		{759FD244-7946-4FDD-8807-0C9373B6524B}.Release|Any CPU.ActiveCfg = Release|Any CPU
		{759FD244-7946-4FDD-8807-0C9373B6524B}.Release|Any CPU.Build.0 = Release|Any CPU
		{145CB0FB-B6AD-46DE-9D02-6F6F46A194DA}.Debug|Any CPU.ActiveCfg = Debug|Any CPU
		{145CB0FB-B6AD-46DE-9D02-6F6F46A194DA}.Debug|Any CPU.Build.0 = Debug|Any CPU
		{145CB0FB-B6AD-46DE-9D02-6F6F46A194DA}.Release|Any CPU.ActiveCfg = Release|Any CPU
		{145CB0FB-B6AD-46DE-9D02-6F6F46A194DA}.Release|Any CPU.Build.0 = Release|Any CPU
		{88550514-7A99-4365-B943-A80781810F01}.Debug|Any CPU.ActiveCfg = Debug|Any CPU
		{88550514-7A99-4365-B943-A80781810F01}.Debug|Any CPU.Build.0 = Debug|Any CPU
		{88550514-7A99-4365-B943-A80781810F01}.Release|Any CPU.ActiveCfg = Release|Any CPU
		{88550514-7A99-4365-B943-A80781810F01}.Release|Any CPU.Build.0 = Release|Any CPU
		{72D36B73-BD46-4D80-BB20-1FEFD2B7CB93}.Debug|Any CPU.ActiveCfg = Debug|Any CPU
		{72D36B73-BD46-4D80-BB20-1FEFD2B7CB93}.Debug|Any CPU.Build.0 = Debug|Any CPU
		{72D36B73-BD46-4D80-BB20-1FEFD2B7CB93}.Release|Any CPU.ActiveCfg = Release|Any CPU
		{72D36B73-BD46-4D80-BB20-1FEFD2B7CB93}.Release|Any CPU.Build.0 = Release|Any CPU
		{EDE8544E-0365-4EC0-9221-05DFAA3D335D}.Debug|Any CPU.ActiveCfg = Debug|Any CPU
		{EDE8544E-0365-4EC0-9221-05DFAA3D335D}.Debug|Any CPU.Build.0 = Debug|Any CPU
		{EDE8544E-0365-4EC0-9221-05DFAA3D335D}.Release|Any CPU.ActiveCfg = Release|Any CPU
		{EDE8544E-0365-4EC0-9221-05DFAA3D335D}.Release|Any CPU.Build.0 = Release|Any CPU
		{9383FCE6-FE42-4E8E-88C1-6652FA5AC9FA}.Debug|Any CPU.ActiveCfg = Debug|Any CPU
		{9383FCE6-FE42-4E8E-88C1-6652FA5AC9FA}.Debug|Any CPU.Build.0 = Debug|Any CPU
		{9383FCE6-FE42-4E8E-88C1-6652FA5AC9FA}.Release|Any CPU.ActiveCfg = Release|Any CPU
		{9383FCE6-FE42-4E8E-88C1-6652FA5AC9FA}.Release|Any CPU.Build.0 = Release|Any CPU
		{EC3E1310-5447-4265-AC2A-4A85E026B776}.Debug|Any CPU.ActiveCfg = Debug|Any CPU
		{EC3E1310-5447-4265-AC2A-4A85E026B776}.Debug|Any CPU.Build.0 = Debug|Any CPU
		{EC3E1310-5447-4265-AC2A-4A85E026B776}.Release|Any CPU.ActiveCfg = Release|Any CPU
		{EC3E1310-5447-4265-AC2A-4A85E026B776}.Release|Any CPU.Build.0 = Release|Any CPU
		{1BD4A852-6CBE-463C-BBCC-6B3AE4074327}.Debug|Any CPU.ActiveCfg = Debug|Any CPU
		{1BD4A852-6CBE-463C-BBCC-6B3AE4074327}.Debug|Any CPU.Build.0 = Debug|Any CPU
		{1BD4A852-6CBE-463C-BBCC-6B3AE4074327}.Release|Any CPU.ActiveCfg = Release|Any CPU
		{1BD4A852-6CBE-463C-BBCC-6B3AE4074327}.Release|Any CPU.Build.0 = Release|Any CPU
		{329917ED-4AF0-4C65-BE2D-4A8DD52CD4D9}.Debug|Any CPU.ActiveCfg = Debug|Any CPU
		{329917ED-4AF0-4C65-BE2D-4A8DD52CD4D9}.Debug|Any CPU.Build.0 = Debug|Any CPU
		{329917ED-4AF0-4C65-BE2D-4A8DD52CD4D9}.Release|Any CPU.ActiveCfg = Release|Any CPU
		{329917ED-4AF0-4C65-BE2D-4A8DD52CD4D9}.Release|Any CPU.Build.0 = Release|Any CPU
		{BD23888A-E665-4782-86B5-2EE58A5B7AF8}.Debug|Any CPU.ActiveCfg = Debug|Any CPU
		{BD23888A-E665-4782-86B5-2EE58A5B7AF8}.Debug|Any CPU.Build.0 = Debug|Any CPU
		{BD23888A-E665-4782-86B5-2EE58A5B7AF8}.Release|Any CPU.ActiveCfg = Release|Any CPU
		{BD23888A-E665-4782-86B5-2EE58A5B7AF8}.Release|Any CPU.Build.0 = Release|Any CPU
		{00CCE421-6858-4E69-BBF4-71D9A13C7737}.Debug|Any CPU.ActiveCfg = Debug|Any CPU
		{00CCE421-6858-4E69-BBF4-71D9A13C7737}.Debug|Any CPU.Build.0 = Debug|Any CPU
		{00CCE421-6858-4E69-BBF4-71D9A13C7737}.Release|Any CPU.ActiveCfg = Release|Any CPU
		{00CCE421-6858-4E69-BBF4-71D9A13C7737}.Release|Any CPU.Build.0 = Release|Any CPU
		{5B2E9B2D-20E5-487E-9D32-5F0A0D70C033}.Debug|Any CPU.ActiveCfg = Debug|Any CPU
		{5B2E9B2D-20E5-487E-9D32-5F0A0D70C033}.Debug|Any CPU.Build.0 = Debug|Any CPU
		{5B2E9B2D-20E5-487E-9D32-5F0A0D70C033}.Release|Any CPU.ActiveCfg = Release|Any CPU
		{5B2E9B2D-20E5-487E-9D32-5F0A0D70C033}.Release|Any CPU.Build.0 = Release|Any CPU
		{2F7710CF-B8A0-461C-A3D6-AF596AE0AA0B}.Debug|Any CPU.ActiveCfg = Debug|Any CPU
		{2F7710CF-B8A0-461C-A3D6-AF596AE0AA0B}.Debug|Any CPU.Build.0 = Debug|Any CPU
		{2F7710CF-B8A0-461C-A3D6-AF596AE0AA0B}.Release|Any CPU.ActiveCfg = Release|Any CPU
		{2F7710CF-B8A0-461C-A3D6-AF596AE0AA0B}.Release|Any CPU.Build.0 = Release|Any CPU
		{F1B37E1C-A64C-4F2A-B261-859C461D6171}.Debug|Any CPU.ActiveCfg = Debug|Any CPU
		{F1B37E1C-A64C-4F2A-B261-859C461D6171}.Debug|Any CPU.Build.0 = Debug|Any CPU
		{F1B37E1C-A64C-4F2A-B261-859C461D6171}.Release|Any CPU.ActiveCfg = Release|Any CPU
		{F1B37E1C-A64C-4F2A-B261-859C461D6171}.Release|Any CPU.Build.0 = Release|Any CPU
		{396063F5-5CE4-40B8-8E89-EA0771CDB01B}.Debug|Any CPU.ActiveCfg = Debug|Any CPU
		{396063F5-5CE4-40B8-8E89-EA0771CDB01B}.Debug|Any CPU.Build.0 = Debug|Any CPU
		{396063F5-5CE4-40B8-8E89-EA0771CDB01B}.Release|Any CPU.ActiveCfg = Release|Any CPU
		{396063F5-5CE4-40B8-8E89-EA0771CDB01B}.Release|Any CPU.Build.0 = Release|Any CPU
		{149D3891-11E1-47AA-A693-ACBE83033F21}.Debug|Any CPU.ActiveCfg = Debug|Any CPU
		{149D3891-11E1-47AA-A693-ACBE83033F21}.Debug|Any CPU.Build.0 = Debug|Any CPU
		{149D3891-11E1-47AA-A693-ACBE83033F21}.Release|Any CPU.ActiveCfg = Release|Any CPU
		{149D3891-11E1-47AA-A693-ACBE83033F21}.Release|Any CPU.Build.0 = Release|Any CPU
		{9800C56B-2E82-4344-9702-A64A5F346415}.Debug|Any CPU.ActiveCfg = Debug|Any CPU
		{9800C56B-2E82-4344-9702-A64A5F346415}.Debug|Any CPU.Build.0 = Debug|Any CPU
		{9800C56B-2E82-4344-9702-A64A5F346415}.Release|Any CPU.ActiveCfg = Release|Any CPU
		{9800C56B-2E82-4344-9702-A64A5F346415}.Release|Any CPU.Build.0 = Release|Any CPU
		{36401DBD-874F-4FF8-9272-42CF7681EBB3}.Debug|Any CPU.ActiveCfg = Debug|Any CPU
		{36401DBD-874F-4FF8-9272-42CF7681EBB3}.Debug|Any CPU.Build.0 = Debug|Any CPU
		{36401DBD-874F-4FF8-9272-42CF7681EBB3}.Release|Any CPU.ActiveCfg = Release|Any CPU
		{36401DBD-874F-4FF8-9272-42CF7681EBB3}.Release|Any CPU.Build.0 = Release|Any CPU
		{AA3265C0-7254-4CF5-BF0D-F711115CB925}.Debug|Any CPU.ActiveCfg = Debug|Any CPU
		{AA3265C0-7254-4CF5-BF0D-F711115CB925}.Debug|Any CPU.Build.0 = Debug|Any CPU
		{AA3265C0-7254-4CF5-BF0D-F711115CB925}.Release|Any CPU.ActiveCfg = Release|Any CPU
		{AA3265C0-7254-4CF5-BF0D-F711115CB925}.Release|Any CPU.Build.0 = Release|Any CPU
		{2C5BCA23-75C3-4645-88AF-B66D9AAD11BD}.Debug|Any CPU.ActiveCfg = Debug|Any CPU
		{2C5BCA23-75C3-4645-88AF-B66D9AAD11BD}.Debug|Any CPU.Build.0 = Debug|Any CPU
		{2C5BCA23-75C3-4645-88AF-B66D9AAD11BD}.Release|Any CPU.ActiveCfg = Release|Any CPU
		{2C5BCA23-75C3-4645-88AF-B66D9AAD11BD}.Release|Any CPU.Build.0 = Release|Any CPU
		{FEAAFF98-B5BA-4886-9873-EED23B22C41D}.Debug|Any CPU.ActiveCfg = Debug|Any CPU
		{FEAAFF98-B5BA-4886-9873-EED23B22C41D}.Debug|Any CPU.Build.0 = Debug|Any CPU
		{FEAAFF98-B5BA-4886-9873-EED23B22C41D}.Release|Any CPU.ActiveCfg = Release|Any CPU
		{FEAAFF98-B5BA-4886-9873-EED23B22C41D}.Release|Any CPU.Build.0 = Release|Any CPU
		{5EB70FA9-68D2-4E16-898A-F74DA952BF21}.Debug|Any CPU.ActiveCfg = Debug|Any CPU
		{5EB70FA9-68D2-4E16-898A-F74DA952BF21}.Debug|Any CPU.Build.0 = Debug|Any CPU
		{5EB70FA9-68D2-4E16-898A-F74DA952BF21}.Release|Any CPU.ActiveCfg = Release|Any CPU
		{5EB70FA9-68D2-4E16-898A-F74DA952BF21}.Release|Any CPU.Build.0 = Release|Any CPU
		{EAF16871-0AC6-4CBC-8694-677AC6004731}.Debug|Any CPU.ActiveCfg = Debug|Any CPU
		{EAF16871-0AC6-4CBC-8694-677AC6004731}.Debug|Any CPU.Build.0 = Debug|Any CPU
		{EAF16871-0AC6-4CBC-8694-677AC6004731}.Release|Any CPU.ActiveCfg = Release|Any CPU
		{EAF16871-0AC6-4CBC-8694-677AC6004731}.Release|Any CPU.Build.0 = Release|Any CPU
		{375F54BD-4BA9-4283-99FF-477251FB454F}.Debug|Any CPU.ActiveCfg = Debug|Any CPU
		{375F54BD-4BA9-4283-99FF-477251FB454F}.Debug|Any CPU.Build.0 = Debug|Any CPU
		{375F54BD-4BA9-4283-99FF-477251FB454F}.Release|Any CPU.ActiveCfg = Release|Any CPU
		{375F54BD-4BA9-4283-99FF-477251FB454F}.Release|Any CPU.Build.0 = Release|Any CPU
		{DEB41E0E-A41E-4C61-B180-289022849623}.Debug|Any CPU.ActiveCfg = Debug|Any CPU
		{DEB41E0E-A41E-4C61-B180-289022849623}.Debug|Any CPU.Build.0 = Debug|Any CPU
		{DEB41E0E-A41E-4C61-B180-289022849623}.Release|Any CPU.ActiveCfg = Release|Any CPU
		{DEB41E0E-A41E-4C61-B180-289022849623}.Release|Any CPU.Build.0 = Release|Any CPU
		{346E0C75-1D2E-48C5-B33F-1C395CDA8F44}.Debug|Any CPU.ActiveCfg = Debug|Any CPU
		{346E0C75-1D2E-48C5-B33F-1C395CDA8F44}.Debug|Any CPU.Build.0 = Debug|Any CPU
		{346E0C75-1D2E-48C5-B33F-1C395CDA8F44}.Release|Any CPU.ActiveCfg = Release|Any CPU
		{346E0C75-1D2E-48C5-B33F-1C395CDA8F44}.Release|Any CPU.Build.0 = Release|Any CPU
		{868C04C4-DBF4-4481-B636-30FC79CA4C26}.Debug|Any CPU.ActiveCfg = Debug|Any CPU
		{868C04C4-DBF4-4481-B636-30FC79CA4C26}.Debug|Any CPU.Build.0 = Debug|Any CPU
		{868C04C4-DBF4-4481-B636-30FC79CA4C26}.Release|Any CPU.ActiveCfg = Release|Any CPU
		{868C04C4-DBF4-4481-B636-30FC79CA4C26}.Release|Any CPU.Build.0 = Release|Any CPU
		{3BA38018-9878-4AF4-B48C-9076E2C17C29}.Debug|Any CPU.ActiveCfg = Debug|Any CPU
		{3BA38018-9878-4AF4-B48C-9076E2C17C29}.Debug|Any CPU.Build.0 = Debug|Any CPU
		{3BA38018-9878-4AF4-B48C-9076E2C17C29}.Release|Any CPU.ActiveCfg = Release|Any CPU
		{3BA38018-9878-4AF4-B48C-9076E2C17C29}.Release|Any CPU.Build.0 = Release|Any CPU
		{34140127-94F8-43EE-B883-A20C9DC4EF44}.Debug|Any CPU.ActiveCfg = Debug|Any CPU
		{34140127-94F8-43EE-B883-A20C9DC4EF44}.Debug|Any CPU.Build.0 = Debug|Any CPU
		{34140127-94F8-43EE-B883-A20C9DC4EF44}.Release|Any CPU.ActiveCfg = Release|Any CPU
		{34140127-94F8-43EE-B883-A20C9DC4EF44}.Release|Any CPU.Build.0 = Release|Any CPU
		{4096748B-9B3E-437E-8CCF-B29A94EEF04C}.Debug|Any CPU.ActiveCfg = Debug|Any CPU
		{4096748B-9B3E-437E-8CCF-B29A94EEF04C}.Debug|Any CPU.Build.0 = Debug|Any CPU
		{4096748B-9B3E-437E-8CCF-B29A94EEF04C}.Release|Any CPU.ActiveCfg = Release|Any CPU
		{4096748B-9B3E-437E-8CCF-B29A94EEF04C}.Release|Any CPU.Build.0 = Release|Any CPU
		{02C929FC-F697-4C78-A262-794D93503B07}.Debug|Any CPU.ActiveCfg = Debug|Any CPU
		{02C929FC-F697-4C78-A262-794D93503B07}.Debug|Any CPU.Build.0 = Debug|Any CPU
		{02C929FC-F697-4C78-A262-794D93503B07}.Release|Any CPU.ActiveCfg = Release|Any CPU
		{02C929FC-F697-4C78-A262-794D93503B07}.Release|Any CPU.Build.0 = Release|Any CPU
		{8A6A2D03-87A1-4EC1-ABAB-30F197AA3143}.Debug|Any CPU.ActiveCfg = Debug|Any CPU
		{8A6A2D03-87A1-4EC1-ABAB-30F197AA3143}.Debug|Any CPU.Build.0 = Debug|Any CPU
		{8A6A2D03-87A1-4EC1-ABAB-30F197AA3143}.Release|Any CPU.ActiveCfg = Release|Any CPU
		{8A6A2D03-87A1-4EC1-ABAB-30F197AA3143}.Release|Any CPU.Build.0 = Release|Any CPU
		{FB5DC9BF-DAC9-428E-A29B-F59097BEE36E}.Debug|Any CPU.ActiveCfg = Debug|Any CPU
		{FB5DC9BF-DAC9-428E-A29B-F59097BEE36E}.Debug|Any CPU.Build.0 = Debug|Any CPU
		{FB5DC9BF-DAC9-428E-A29B-F59097BEE36E}.Release|Any CPU.ActiveCfg = Release|Any CPU
		{FB5DC9BF-DAC9-428E-A29B-F59097BEE36E}.Release|Any CPU.Build.0 = Release|Any CPU
		{91288775-6D67-4003-A9CD-2FEB86F78F9A}.Debug|Any CPU.ActiveCfg = Debug|Any CPU
		{91288775-6D67-4003-A9CD-2FEB86F78F9A}.Debug|Any CPU.Build.0 = Debug|Any CPU
		{91288775-6D67-4003-A9CD-2FEB86F78F9A}.Release|Any CPU.ActiveCfg = Release|Any CPU
		{91288775-6D67-4003-A9CD-2FEB86F78F9A}.Release|Any CPU.Build.0 = Release|Any CPU
		{4DF1CCE4-14DD-4F6C-82EB-6E9DE8CC1288}.Debug|Any CPU.ActiveCfg = Debug|Any CPU
		{4DF1CCE4-14DD-4F6C-82EB-6E9DE8CC1288}.Debug|Any CPU.Build.0 = Debug|Any CPU
		{4DF1CCE4-14DD-4F6C-82EB-6E9DE8CC1288}.Release|Any CPU.ActiveCfg = Release|Any CPU
		{4DF1CCE4-14DD-4F6C-82EB-6E9DE8CC1288}.Release|Any CPU.Build.0 = Release|Any CPU
		{C630CE17-BA3E-4B4D-B02F-4C99726B84A1}.Debug|Any CPU.ActiveCfg = Debug|Any CPU
		{C630CE17-BA3E-4B4D-B02F-4C99726B84A1}.Debug|Any CPU.Build.0 = Debug|Any CPU
		{C630CE17-BA3E-4B4D-B02F-4C99726B84A1}.Release|Any CPU.ActiveCfg = Release|Any CPU
		{C630CE17-BA3E-4B4D-B02F-4C99726B84A1}.Release|Any CPU.Build.0 = Release|Any CPU
		{750894F1-C762-42FC-A07E-CCC8DA833B24}.Debug|Any CPU.ActiveCfg = Debug|Any CPU
		{750894F1-C762-42FC-A07E-CCC8DA833B24}.Debug|Any CPU.Build.0 = Debug|Any CPU
		{750894F1-C762-42FC-A07E-CCC8DA833B24}.Release|Any CPU.ActiveCfg = Release|Any CPU
		{750894F1-C762-42FC-A07E-CCC8DA833B24}.Release|Any CPU.Build.0 = Release|Any CPU
		{F10F4E1D-E18B-4C4E-BEF8-FA7708D07E4E}.Debug|Any CPU.ActiveCfg = Debug|Any CPU
		{F10F4E1D-E18B-4C4E-BEF8-FA7708D07E4E}.Debug|Any CPU.Build.0 = Debug|Any CPU
		{F10F4E1D-E18B-4C4E-BEF8-FA7708D07E4E}.Release|Any CPU.ActiveCfg = Release|Any CPU
		{F10F4E1D-E18B-4C4E-BEF8-FA7708D07E4E}.Release|Any CPU.Build.0 = Release|Any CPU
		{E42BF9E4-EDF5-469D-B4C6-D556B4176C01}.Debug|Any CPU.ActiveCfg = Debug|Any CPU
		{E42BF9E4-EDF5-469D-B4C6-D556B4176C01}.Debug|Any CPU.Build.0 = Debug|Any CPU
		{E42BF9E4-EDF5-469D-B4C6-D556B4176C01}.Release|Any CPU.ActiveCfg = Release|Any CPU
		{E42BF9E4-EDF5-469D-B4C6-D556B4176C01}.Release|Any CPU.Build.0 = Release|Any CPU
		{22BAA5E8-BC3F-4C44-B6F0-445AC6ABB19E}.Debug|Any CPU.ActiveCfg = Debug|Any CPU
		{22BAA5E8-BC3F-4C44-B6F0-445AC6ABB19E}.Debug|Any CPU.Build.0 = Debug|Any CPU
		{22BAA5E8-BC3F-4C44-B6F0-445AC6ABB19E}.Release|Any CPU.ActiveCfg = Release|Any CPU
		{22BAA5E8-BC3F-4C44-B6F0-445AC6ABB19E}.Release|Any CPU.Build.0 = Release|Any CPU
		{B614CDA4-14E3-4564-B630-32051FEDA9DF}.Debug|Any CPU.ActiveCfg = Debug|Any CPU
		{B614CDA4-14E3-4564-B630-32051FEDA9DF}.Debug|Any CPU.Build.0 = Debug|Any CPU
		{B614CDA4-14E3-4564-B630-32051FEDA9DF}.Release|Any CPU.ActiveCfg = Release|Any CPU
		{B614CDA4-14E3-4564-B630-32051FEDA9DF}.Release|Any CPU.Build.0 = Release|Any CPU
		{8A056F80-9306-4DB6-ADED-2876A7042F3A}.Debug|Any CPU.ActiveCfg = Debug|Any CPU
		{8A056F80-9306-4DB6-ADED-2876A7042F3A}.Debug|Any CPU.Build.0 = Debug|Any CPU
		{8A056F80-9306-4DB6-ADED-2876A7042F3A}.Release|Any CPU.ActiveCfg = Release|Any CPU
		{8A056F80-9306-4DB6-ADED-2876A7042F3A}.Release|Any CPU.Build.0 = Release|Any CPU
		{AEFEA3E3-E10F-46B0-AD54-B39EE1D1527C}.Debug|Any CPU.ActiveCfg = Debug|Any CPU
		{AEFEA3E3-E10F-46B0-AD54-B39EE1D1527C}.Debug|Any CPU.Build.0 = Debug|Any CPU
		{AEFEA3E3-E10F-46B0-AD54-B39EE1D1527C}.Release|Any CPU.ActiveCfg = Release|Any CPU
		{AEFEA3E3-E10F-46B0-AD54-B39EE1D1527C}.Release|Any CPU.Build.0 = Release|Any CPU
		{9C57BDF1-524A-4B66-9D5D-F06AA11F663F}.Debug|Any CPU.ActiveCfg = Debug|Any CPU
		{9C57BDF1-524A-4B66-9D5D-F06AA11F663F}.Debug|Any CPU.Build.0 = Debug|Any CPU
		{9C57BDF1-524A-4B66-9D5D-F06AA11F663F}.Release|Any CPU.ActiveCfg = Release|Any CPU
		{9C57BDF1-524A-4B66-9D5D-F06AA11F663F}.Release|Any CPU.Build.0 = Release|Any CPU
		{32226999-C6B5-4CEF-8F89-0A4FE763DA2D}.Debug|Any CPU.ActiveCfg = Debug|Any CPU
		{32226999-C6B5-4CEF-8F89-0A4FE763DA2D}.Debug|Any CPU.Build.0 = Debug|Any CPU
		{32226999-C6B5-4CEF-8F89-0A4FE763DA2D}.Release|Any CPU.ActiveCfg = Release|Any CPU
		{32226999-C6B5-4CEF-8F89-0A4FE763DA2D}.Release|Any CPU.Build.0 = Release|Any CPU
		{81B901C7-BEC6-42F0-9017-E71A658B9F1E}.Debug|Any CPU.ActiveCfg = Debug|Any CPU
		{81B901C7-BEC6-42F0-9017-E71A658B9F1E}.Debug|Any CPU.Build.0 = Debug|Any CPU
		{81B901C7-BEC6-42F0-9017-E71A658B9F1E}.Release|Any CPU.ActiveCfg = Release|Any CPU
		{81B901C7-BEC6-42F0-9017-E71A658B9F1E}.Release|Any CPU.Build.0 = Release|Any CPU
	EndGlobalSection
	GlobalSection(SolutionProperties) = preSolution
		HideSolutionNode = FALSE
	EndGlobalSection
EndGlobal
