
Microsoft Visual Studio Solution File, Format Version 12.00
# Visual Studio 2013
VisualStudioVersion = 12.0.21005.1
MinimumVisualStudioVersion = 10.0.40219.1
Project("{FAE04EC0-301F-11D3-BF4B-00C04F79EFBC}") = "字符串全排列", "字符串全排列\字符串全排列.csproj", "{0411BF2F-B8F7-402A-A85D-3C1AF266339F}"
EndProject
Project("{FAE04EC0-301F-11D3-BF4B-00C04F79EFBC}") = "指定字符移动到字符串后面", "指定字符移动到字符串后面\指定字符移动到字符串后面.csproj", "{C24165D0-2AB6-4A6B-BA5E-008F4762112E}"
EndProject
Project("{FAE04EC0-301F-11D3-BF4B-00C04F79EFBC}") = "连续字符替代为数字", "连续字符替代为数字\连续字符替代为数字.csproj", "{A717994A-F74E-4C4D-96C1-0E449F0D43C2}"
EndProject
Project("{FAE04EC0-301F-11D3-BF4B-00C04F79EFBC}") = "二维数组连续N数最大和", "二维数组连续N数最大和\二维数组连续N数最大和.csproj", "{A7813084-FF7E-48CE-8CCA-B1F2BC2EB090}"
EndProject
Project("{FAE04EC0-301F-11D3-BF4B-00C04F79EFBC}") = "最大子数组", "最大子数组\最大子数组.csproj", "{91BDA580-35AC-4637-B74D-638633C17FB3}"
EndProject
Project("{FAE04EC0-301F-11D3-BF4B-00C04F79EFBC}") = "远景能源_PAT", "远景能源_PAT\远景能源_PAT.csproj", "{8AB0C2EF-35F6-4209-B205-869D6A6DE497}"
EndProject
Project("{FAE04EC0-301F-11D3-BF4B-00C04F79EFBC}") = "数组中重复的数字", "数组中重复的数字\数组中重复的数字.csproj", "{B91E1F9A-2766-455D-87CD-BA75BF31EEC2}"
EndProject
Project("{FAE04EC0-301F-11D3-BF4B-00C04F79EFBC}") = "DateTimeTest", "DateTimeTest\DateTimeTest.csproj", "{496B7DE9-EDAA-41D5-898E-6FCC51F0756D}"
EndProject
Global
	GlobalSection(SolutionConfigurationPlatforms) = preSolution
		Debug|Any CPU = Debug|Any CPU
		Release|Any CPU = Release|Any CPU
	EndGlobalSection
	GlobalSection(ProjectConfigurationPlatforms) = postSolution
		{0411BF2F-B8F7-402A-A85D-3C1AF266339F}.Debug|Any CPU.ActiveCfg = Debug|Any CPU
		{0411BF2F-B8F7-402A-A85D-3C1AF266339F}.Debug|Any CPU.Build.0 = Debug|Any CPU
		{0411BF2F-B8F7-402A-A85D-3C1AF266339F}.Release|Any CPU.ActiveCfg = Release|Any CPU
		{0411BF2F-B8F7-402A-A85D-3C1AF266339F}.Release|Any CPU.Build.0 = Release|Any CPU
		{C24165D0-2AB6-4A6B-BA5E-008F4762112E}.Debug|Any CPU.ActiveCfg = Debug|Any CPU
		{C24165D0-2AB6-4A6B-BA5E-008F4762112E}.Debug|Any CPU.Build.0 = Debug|Any CPU
		{C24165D0-2AB6-4A6B-BA5E-008F4762112E}.Release|Any CPU.ActiveCfg = Release|Any CPU
		{C24165D0-2AB6-4A6B-BA5E-008F4762112E}.Release|Any CPU.Build.0 = Release|Any CPU
		{A717994A-F74E-4C4D-96C1-0E449F0D43C2}.Debug|Any CPU.ActiveCfg = Debug|Any CPU
		{A717994A-F74E-4C4D-96C1-0E449F0D43C2}.Debug|Any CPU.Build.0 = Debug|Any CPU
		{A717994A-F74E-4C4D-96C1-0E449F0D43C2}.Release|Any CPU.ActiveCfg = Release|Any CPU
		{A717994A-F74E-4C4D-96C1-0E449F0D43C2}.Release|Any CPU.Build.0 = Release|Any CPU
		{A7813084-FF7E-48CE-8CCA-B1F2BC2EB090}.Debug|Any CPU.ActiveCfg = Debug|Any CPU
		{A7813084-FF7E-48CE-8CCA-B1F2BC2EB090}.Debug|Any CPU.Build.0 = Debug|Any CPU
		{A7813084-FF7E-48CE-8CCA-B1F2BC2EB090}.Release|Any CPU.ActiveCfg = Release|Any CPU
		{A7813084-FF7E-48CE-8CCA-B1F2BC2EB090}.Release|Any CPU.Build.0 = Release|Any CPU
		{91BDA580-35AC-4637-B74D-638633C17FB3}.Debug|Any CPU.ActiveCfg = Debug|Any CPU
		{91BDA580-35AC-4637-B74D-638633C17FB3}.Debug|Any CPU.Build.0 = Debug|Any CPU
		{91BDA580-35AC-4637-B74D-638633C17FB3}.Release|Any CPU.ActiveCfg = Release|Any CPU
		{91BDA580-35AC-4637-B74D-638633C17FB3}.Release|Any CPU.Build.0 = Release|Any CPU
		{8AB0C2EF-35F6-4209-B205-869D6A6DE497}.Debug|Any CPU.ActiveCfg = Debug|Any CPU
		{8AB0C2EF-35F6-4209-B205-869D6A6DE497}.Debug|Any CPU.Build.0 = Debug|Any CPU
		{8AB0C2EF-35F6-4209-B205-869D6A6DE497}.Release|Any CPU.ActiveCfg = Release|Any CPU
		{8AB0C2EF-35F6-4209-B205-869D6A6DE497}.Release|Any CPU.Build.0 = Release|Any CPU
		{B91E1F9A-2766-455D-87CD-BA75BF31EEC2}.Debug|Any CPU.ActiveCfg = Debug|Any CPU
		{B91E1F9A-2766-455D-87CD-BA75BF31EEC2}.Debug|Any CPU.Build.0 = Debug|Any CPU
		{B91E1F9A-2766-455D-87CD-BA75BF31EEC2}.Release|Any CPU.ActiveCfg = Release|Any CPU
		{B91E1F9A-2766-455D-87CD-BA75BF31EEC2}.Release|Any CPU.Build.0 = Release|Any CPU
		{496B7DE9-EDAA-41D5-898E-6FCC51F0756D}.Debug|Any CPU.ActiveCfg = Debug|Any CPU
		{496B7DE9-EDAA-41D5-898E-6FCC51F0756D}.Debug|Any CPU.Build.0 = Debug|Any CPU
		{496B7DE9-EDAA-41D5-898E-6FCC51F0756D}.Release|Any CPU.ActiveCfg = Release|Any CPU
		{496B7DE9-EDAA-41D5-898E-6FCC51F0756D}.Release|Any CPU.Build.0 = Release|Any CPU
	EndGlobalSection
	GlobalSection(SolutionProperties) = preSolution
		HideSolutionNode = FALSE
	EndGlobalSection
EndGlobal
