
Microsoft Visual Studio Solution File, Format Version 12.00
# Visual Studio 2013
VisualStudioVersion = 12.0.21005.1
MinimumVisualStudioVersion = 10.0.40219.1
Project("{FAE04EC0-301F-11D3-BF4B-00C04F79EFBC}") = "Meituan_1", "Meituan_1\Meituan_1.csproj", "{D5D1A9B2-2996-4647-BE3D-722A52BE969E}"
EndProject
Project("{FAE04EC0-301F-11D3-BF4B-00C04F79EFBC}") = "Meituan_2", "Meituan_2\Meituan_2.csproj", "{9503DA67-136F-4103-8802-9DE4FB6CC6AC}"
EndProject
Project("{FAE04EC0-301F-11D3-BF4B-00C04F79EFBC}") = "ConsoleApplication1", "ConsoleApplication1\ConsoleApplication1.csproj", "{A84DD092-097B-45BB-B13B-E202A24C0573}"
EndProject
Global
	GlobalSection(SolutionConfigurationPlatforms) = preSolution
		Debug|Any CPU = Debug|Any CPU
		Release|Any CPU = Release|Any CPU
	EndGlobalSection
	GlobalSection(ProjectConfigurationPlatforms) = postSolution
		{D5D1A9B2-2996-4647-BE3D-722A52BE969E}.Debug|Any CPU.ActiveCfg = Debug|Any CPU
		{D5D1A9B2-2996-4647-BE3D-722A52BE969E}.Debug|Any CPU.Build.0 = Debug|Any CPU
		{D5D1A9B2-2996-4647-BE3D-722A52BE969E}.Release|Any CPU.ActiveCfg = Release|Any CPU
		{D5D1A9B2-2996-4647-BE3D-722A52BE969E}.Release|Any CPU.Build.0 = Release|Any CPU
		{9503DA67-136F-4103-8802-9DE4FB6CC6AC}.Debug|Any CPU.ActiveCfg = Debug|Any CPU
		{9503DA67-136F-4103-8802-9DE4FB6CC6AC}.Debug|Any CPU.Build.0 = Debug|Any CPU
		{9503DA67-136F-4103-8802-9DE4FB6CC6AC}.Release|Any CPU.ActiveCfg = Release|Any CPU
		{9503DA67-136F-4103-8802-9DE4FB6CC6AC}.Release|Any CPU.Build.0 = Release|Any CPU
		{A84DD092-097B-45BB-B13B-E202A24C0573}.Debug|Any CPU.ActiveCfg = Debug|Any CPU
		{A84DD092-097B-45BB-B13B-E202A24C0573}.Debug|Any CPU.Build.0 = Debug|Any CPU
		{A84DD092-097B-45BB-B13B-E202A24C0573}.Release|Any CPU.ActiveCfg = Release|Any CPU
		{A84DD092-097B-45BB-B13B-E202A24C0573}.Release|Any CPU.Build.0 = Release|Any CPU
	EndGlobalSection
	GlobalSection(SolutionProperties) = preSolution
		HideSolutionNode = FALSE
	EndGlobalSection
EndGlobal
