
Microsoft Visual Studio Solution File, Format Version 12.00
# Visual Studio 2013
VisualStudioVersion = 12.0.21005.1
MinimumVisualStudioVersion = 10.0.40219.1
Project("{FAE04EC0-301F-11D3-BF4B-00C04F79EFBC}") = "CampusRecruiment2014_初级题", "CampusRecruiment2014\CampusRecruiment2014_初级题.csproj", "{FFB7F5BF-ED2F-443D-B5CA-1B2E8001CAA5}"
EndProject
Project("{FAE04EC0-301F-11D3-BF4B-00C04F79EFBC}") = "CampusRecruiment2014_中级题", "CampusRecruiment2014_2\CampusRecruiment2014_中级题.csproj", "{8F5EB89A-8B8D-4E11-8CA5-4528574FCB9A}"
EndProject
Project("{FAE04EC0-301F-11D3-BF4B-00C04F79EFBC}") = "CampusRecruiment2014_高级题", "CampusRecruiment2014_3\CampusRecruiment2014_高级题.csproj", "{4180B2FB-5A40-4274-B374-4D783CC98FC5}"
EndProject
Project("{FAE04EC0-301F-11D3-BF4B-00C04F79EFBC}") = "Huawei_Campus_2014_01", "Huawei_Campus_2014_1\Huawei_Campus_2014_01.csproj", "{6B983D92-3DAE-446A-8770-02EA4025654F}"
EndProject
Project("{FAE04EC0-301F-11D3-BF4B-00C04F79EFBC}") = "Huawei_Campus_2014_02", "Huawei_Campus_2014_2\Huawei_Campus_2014_02.csproj", "{7B0461AA-D8CC-415D-98A0-6DDD64AC3DA5}"
EndProject
Project("{FAE04EC0-301F-11D3-BF4B-00C04F79EFBC}") = "Huawei_Campus_2014_03", "Huawei_Campus_2014_3\Huawei_Campus_2014_03.csproj", "{28FFBDBF-5FD1-4676-ACAD-1AD71EB825F3}"
EndProject
Project("{FAE04EC0-301F-11D3-BF4B-00C04F79EFBC}") = "Huawei_Campus_2014_04", "Huawei_Campus_2014_4\Huawei_Campus_2014_04.csproj", "{8DDDD8DC-8DCF-425F-BBB6-25420A29B1F7}"
EndProject
Project("{FAE04EC0-301F-11D3-BF4B-00C04F79EFBC}") = "Huawei_Campus_2014_05", "Huawei_Campus_2014_5\Huawei_Campus_2014_05.csproj", "{67B9CD50-E658-4A3F-9DFD-27B353159F53}"
EndProject
Project("{FAE04EC0-301F-11D3-BF4B-00C04F79EFBC}") = "Huawei_Campus_2014_06", "Huawei_Campus_2014_6\Huawei_Campus_2014_06.csproj", "{0D2F461D-C247-44F7-9DAC-EA18BF407219}"
EndProject
Project("{FAE04EC0-301F-11D3-BF4B-00C04F79EFBC}") = "Huawei_Campus_2014_07", "Huawei_Campus_2014_7\Huawei_Campus_2014_07.csproj", "{B261AEB2-01C6-4A25-B6FD-FBB8B576A650}"
EndProject
Project("{FAE04EC0-301F-11D3-BF4B-00C04F79EFBC}") = "Huawei_Campus_2014_08", "Huawei_Campus_2014_8\Huawei_Campus_2014_08.csproj", "{ACC786EC-6353-46C1-81A2-5F8882F705A6}"
EndProject
Project("{FAE04EC0-301F-11D3-BF4B-00C04F79EFBC}") = "Huawei_Campus_2014_09", "Huawei_Campus_2014_9\Huawei_Campus_2014_09.csproj", "{E36E5DB9-D525-42AB-9159-D37833D04AFB}"
EndProject
Project("{FAE04EC0-301F-11D3-BF4B-00C04F79EFBC}") = "Huawei_Campus_2014_11", "Huawei_Campus_2014_10\Huawei_Campus_2014_11.csproj", "{EA40026B-B74C-4762-9CFA-A259F914251D}"
EndProject
Project("{FAE04EC0-301F-11D3-BF4B-00C04F79EFBC}") = "Huawei_Campus_2014_12", "Huawei_Campus_2014_12\Huawei_Campus_2014_12.csproj", "{D048248B-F686-4402-B7C3-7EAFEAB25D38}"
EndProject
Project("{2150E333-8FDC-42A3-9474-1A3956D46DE8}") = "File_2014华为校园招聘最新题库（上机题）.doc", "File_2014华为校园招聘最新题库（上机题）.doc", "{6965884D-C058-4512-9D99-A9F0BB747F96}"
EndProject
Project("{2150E333-8FDC-42A3-9474-1A3956D46DE8}") = "File_华为机试oj练习题2014.doc", "File_华为机试oj练习题2014.doc", "{198B939B-BA26-48B8-84A6-D616A91240CE}"
EndProject
Project("{FAE04EC0-301F-11D3-BF4B-00C04F79EFBC}") = "Huawei_Campus_2014_自动售货机", "Huawei_Campus_2014_01\Huawei_Campus_2014_自动售货机.csproj", "{89AD10B9-00BA-4D0A-B0AF-48A07E54F47D}"
EndProject
Project("{FAE04EC0-301F-11D3-BF4B-00C04F79EFBC}") = "Huawei_Campus_2014_int在内存中存储时1的个数", "Huawei_Campus_2014_int在内存中存储时1的个数\Huawei_Campus_2014_int在内存中存储时1的个数.csproj", "{80A60C31-6CF6-45EE-8A83-220E919027FC}"
EndProject
Project("{FAE04EC0-301F-11D3-BF4B-00C04F79EFBC}") = "Huawei_Campus_2014_合并表项", "Huawei_Campus_2014_合并表项\Huawei_Campus_2014_合并表项.csproj", "{9E583006-D7F9-4FF7-9816-F857D0C7DAEF}"
EndProject
Project("{FAE04EC0-301F-11D3-BF4B-00C04F79EFBC}") = "HuaweiCampus_合并项", "HuaweiCampus_合并项\HuaweiCampus_合并项.csproj", "{BB89F73D-CCFD-4390-BAD1-B066F3F64F7F}"
EndProject
Project("{2150E333-8FDC-42A3-9474-1A3956D46DE8}") = "TestTech", "TestTech", "{FBC2BA5E-2797-46DD-A856-4F674B1BBC02}"
EndProject
Project("{FAE04EC0-301F-11D3-BF4B-00C04F79EFBC}") = "OrderBy_for_List_Dic", "OrderBy_for_List_Dic\OrderBy_for_List_Dic.csproj", "{E2323B9E-F60D-4433-8EF7-829D97587C8F}"
EndProject
Project("{FAE04EC0-301F-11D3-BF4B-00C04F79EFBC}") = "输出所有质数", "输出所有质数\输出所有质数.csproj", "{6137627C-7C1B-4AE1-9E26-58F7805694B1}"
EndProject
Project("{FAE04EC0-301F-11D3-BF4B-00C04F79EFBC}") = "质数因子", "质数因子\质数因子.csproj", "{9A1E6098-8F6D-4D23-A70F-4057DA911467}"
EndProject
Project("{2150E333-8FDC-42A3-9474-1A3956D46DE8}") = "模拟考试", "模拟考试", "{9A8C7AD3-8E2F-46DF-9A28-BBB169CFFF5E}"
EndProject
Project("{FAE04EC0-301F-11D3-BF4B-00C04F79EFBC}") = "AddSum", "AddSum\AddSum.csproj", "{9091F99C-58D8-426C-8259-64E46CFA95E0}"
EndProject
Project("{FAE04EC0-301F-11D3-BF4B-00C04F79EFBC}") = "十六进制转十进制", "十六进制转十进制\十六进制转十进制.csproj", "{C6A2FCDA-2C1D-4212-B62F-857FA4E1BF4D}"
EndProject
Project("{FAE04EC0-301F-11D3-BF4B-00C04F79EFBC}") = "去重、排序", "去重、排序\去重、排序.csproj", "{56C5249E-8147-4B90-80C0-95D928EA1F8D}"
EndProject
Project("{FAE04EC0-301F-11D3-BF4B-00C04F79EFBC}") = "计算字符个数", "计算字符个数\计算字符个数.csproj", "{60B60648-7FD3-4498-BAA9-EC0F22BCB5CA}"
EndProject
Project("{FAE04EC0-301F-11D3-BF4B-00C04F79EFBC}") = "字符串分割", "字符串分割\字符串分割.csproj", "{B78D4530-A24B-4367-9108-5837E656C441}"
EndProject
Project("{FAE04EC0-301F-11D3-BF4B-00C04F79EFBC}") = "自守数", "自守数\自守数.csproj", "{1F25B52F-EDDB-46DD-89A2-9475BA78E8C0}"
EndProject
Project("{FAE04EC0-301F-11D3-BF4B-00C04F79EFBC}") = "最长数字串", "最长数字串\最长数字串.csproj", "{F5AF512E-3863-4749-9A50-AE8428B05286}"
EndProject
Project("{FAE04EC0-301F-11D3-BF4B-00C04F79EFBC}") = "数字三角形最优路径", "数字三角形最优路径\数字三角形最优路径.csproj", "{F34BFF35-D555-4658-A927-B4FCB92BC0CA}"
EndProject
Project("{FAE04EC0-301F-11D3-BF4B-00C04F79EFBC}") = "放m苹果到n盘子", "放n苹果到m盘子\放m苹果到n盘子.csproj", "{7F31BD23-84FC-4D9A-8257-C838D2A10347}"
EndProject
Project("{2150E333-8FDC-42A3-9474-1A3956D46DE8}") = "华为OJ中级", "华为OJ中级", "{356092AC-05DE-41D5-8CAF-C5EA1BB5EE31}"
EndProject
Project("{FAE04EC0-301F-11D3-BF4B-00C04F79EFBC}") = "递推公式_超5K内存溢出", "递推公式\递推公式_超5K内存溢出.csproj", "{3063DEDD-BA53-448A-9B0D-7787566C8521}"
EndProject
Project("{FAE04EC0-301F-11D3-BF4B-00C04F79EFBC}") = "IP与掩码合格性检验", "IP与掩码合格性检验\IP与掩码合格性检验.csproj", "{84049D71-4333-43F6-8ACF-EF9C95DE0C54}"
EndProject
Project("{FAE04EC0-301F-11D3-BF4B-00C04F79EFBC}") = "简单错误记录", "简单错误记录\简单错误记录.csproj", "{3BD5FFE5-7B97-4EFE-B3D1-091C829C1557}"
EndProject
Project("{FAE04EC0-301F-11D3-BF4B-00C04F79EFBC}") = "数独游戏", "数独游戏\数独游戏.csproj", "{6B4C364D-1D05-4AA2-9441-B599054CD501}"
EndProject
Project("{2150E333-8FDC-42A3-9474-1A3956D46DE8}") = "2018", "2018", "{C182AA23-7833-403F-BF15-64806BAEFEF6}"
EndProject
Project("{FAE04EC0-301F-11D3-BF4B-00C04F79EFBC}") = "Campus_2018_1", "Campus_2018_1\Campus_2018_1.csproj", "{BBD2EB68-DF20-4E47-A35E-82E08CFFBFA0}"
EndProject
Project("{FAE04EC0-301F-11D3-BF4B-00C04F79EFBC}") = "Campus_2018_2", "Campus_2018_2\Campus_2018_2.csproj", "{59C4D3F6-FE43-4639-A99C-ED89CBB94058}"
EndProject
Project("{FAE04EC0-301F-11D3-BF4B-00C04F79EFBC}") = "Campus_2018_3", "Campus_2018_3\Campus_2018_3.csproj", "{95E23DCF-5DFB-4020-B453-8BAB2F873742}"
EndProject
Project("{FAE04EC0-301F-11D3-BF4B-00C04F79EFBC}") = "TestUnit_Campus_2008_2", "TestUnit_Campus_2008_2\TestUnit_Campus_2008_2.csproj", "{19127178-FD37-47A5-BE5D-7A508E67969D}"
EndProject
Global
	GlobalSection(SolutionConfigurationPlatforms) = preSolution
		Debug|Any CPU = Debug|Any CPU
		Release|Any CPU = Release|Any CPU
	EndGlobalSection
	GlobalSection(ProjectConfigurationPlatforms) = postSolution
		{FFB7F5BF-ED2F-443D-B5CA-1B2E8001CAA5}.Debug|Any CPU.ActiveCfg = Debug|Any CPU
		{FFB7F5BF-ED2F-443D-B5CA-1B2E8001CAA5}.Debug|Any CPU.Build.0 = Debug|Any CPU
		{FFB7F5BF-ED2F-443D-B5CA-1B2E8001CAA5}.Release|Any CPU.ActiveCfg = Release|Any CPU
		{FFB7F5BF-ED2F-443D-B5CA-1B2E8001CAA5}.Release|Any CPU.Build.0 = Release|Any CPU
		{8F5EB89A-8B8D-4E11-8CA5-4528574FCB9A}.Debug|Any CPU.ActiveCfg = Debug|Any CPU
		{8F5EB89A-8B8D-4E11-8CA5-4528574FCB9A}.Debug|Any CPU.Build.0 = Debug|Any CPU
		{8F5EB89A-8B8D-4E11-8CA5-4528574FCB9A}.Release|Any CPU.ActiveCfg = Release|Any CPU
		{8F5EB89A-8B8D-4E11-8CA5-4528574FCB9A}.Release|Any CPU.Build.0 = Release|Any CPU
		{4180B2FB-5A40-4274-B374-4D783CC98FC5}.Debug|Any CPU.ActiveCfg = Debug|Any CPU
		{4180B2FB-5A40-4274-B374-4D783CC98FC5}.Debug|Any CPU.Build.0 = Debug|Any CPU
		{4180B2FB-5A40-4274-B374-4D783CC98FC5}.Release|Any CPU.ActiveCfg = Release|Any CPU
		{4180B2FB-5A40-4274-B374-4D783CC98FC5}.Release|Any CPU.Build.0 = Release|Any CPU
		{6B983D92-3DAE-446A-8770-02EA4025654F}.Debug|Any CPU.ActiveCfg = Debug|Any CPU
		{6B983D92-3DAE-446A-8770-02EA4025654F}.Debug|Any CPU.Build.0 = Debug|Any CPU
		{6B983D92-3DAE-446A-8770-02EA4025654F}.Release|Any CPU.ActiveCfg = Release|Any CPU
		{6B983D92-3DAE-446A-8770-02EA4025654F}.Release|Any CPU.Build.0 = Release|Any CPU
		{7B0461AA-D8CC-415D-98A0-6DDD64AC3DA5}.Debug|Any CPU.ActiveCfg = Debug|Any CPU
		{7B0461AA-D8CC-415D-98A0-6DDD64AC3DA5}.Debug|Any CPU.Build.0 = Debug|Any CPU
		{7B0461AA-D8CC-415D-98A0-6DDD64AC3DA5}.Release|Any CPU.ActiveCfg = Release|Any CPU
		{7B0461AA-D8CC-415D-98A0-6DDD64AC3DA5}.Release|Any CPU.Build.0 = Release|Any CPU
		{28FFBDBF-5FD1-4676-ACAD-1AD71EB825F3}.Debug|Any CPU.ActiveCfg = Debug|Any CPU
		{28FFBDBF-5FD1-4676-ACAD-1AD71EB825F3}.Debug|Any CPU.Build.0 = Debug|Any CPU
		{28FFBDBF-5FD1-4676-ACAD-1AD71EB825F3}.Release|Any CPU.ActiveCfg = Release|Any CPU
		{28FFBDBF-5FD1-4676-ACAD-1AD71EB825F3}.Release|Any CPU.Build.0 = Release|Any CPU
		{8DDDD8DC-8DCF-425F-BBB6-25420A29B1F7}.Debug|Any CPU.ActiveCfg = Debug|Any CPU
		{8DDDD8DC-8DCF-425F-BBB6-25420A29B1F7}.Debug|Any CPU.Build.0 = Debug|Any CPU
		{8DDDD8DC-8DCF-425F-BBB6-25420A29B1F7}.Release|Any CPU.ActiveCfg = Release|Any CPU
		{8DDDD8DC-8DCF-425F-BBB6-25420A29B1F7}.Release|Any CPU.Build.0 = Release|Any CPU
		{67B9CD50-E658-4A3F-9DFD-27B353159F53}.Debug|Any CPU.ActiveCfg = Debug|Any CPU
		{67B9CD50-E658-4A3F-9DFD-27B353159F53}.Debug|Any CPU.Build.0 = Debug|Any CPU
		{67B9CD50-E658-4A3F-9DFD-27B353159F53}.Release|Any CPU.ActiveCfg = Release|Any CPU
		{67B9CD50-E658-4A3F-9DFD-27B353159F53}.Release|Any CPU.Build.0 = Release|Any CPU
		{0D2F461D-C247-44F7-9DAC-EA18BF407219}.Debug|Any CPU.ActiveCfg = Debug|Any CPU
		{0D2F461D-C247-44F7-9DAC-EA18BF407219}.Debug|Any CPU.Build.0 = Debug|Any CPU
		{0D2F461D-C247-44F7-9DAC-EA18BF407219}.Release|Any CPU.ActiveCfg = Release|Any CPU
		{0D2F461D-C247-44F7-9DAC-EA18BF407219}.Release|Any CPU.Build.0 = Release|Any CPU
		{B261AEB2-01C6-4A25-B6FD-FBB8B576A650}.Debug|Any CPU.ActiveCfg = Debug|Any CPU
		{B261AEB2-01C6-4A25-B6FD-FBB8B576A650}.Debug|Any CPU.Build.0 = Debug|Any CPU
		{B261AEB2-01C6-4A25-B6FD-FBB8B576A650}.Release|Any CPU.ActiveCfg = Release|Any CPU
		{B261AEB2-01C6-4A25-B6FD-FBB8B576A650}.Release|Any CPU.Build.0 = Release|Any CPU
		{ACC786EC-6353-46C1-81A2-5F8882F705A6}.Debug|Any CPU.ActiveCfg = Debug|Any CPU
		{ACC786EC-6353-46C1-81A2-5F8882F705A6}.Debug|Any CPU.Build.0 = Debug|Any CPU
		{ACC786EC-6353-46C1-81A2-5F8882F705A6}.Release|Any CPU.ActiveCfg = Release|Any CPU
		{ACC786EC-6353-46C1-81A2-5F8882F705A6}.Release|Any CPU.Build.0 = Release|Any CPU
		{E36E5DB9-D525-42AB-9159-D37833D04AFB}.Debug|Any CPU.ActiveCfg = Debug|Any CPU
		{E36E5DB9-D525-42AB-9159-D37833D04AFB}.Debug|Any CPU.Build.0 = Debug|Any CPU
		{E36E5DB9-D525-42AB-9159-D37833D04AFB}.Release|Any CPU.ActiveCfg = Release|Any CPU
		{E36E5DB9-D525-42AB-9159-D37833D04AFB}.Release|Any CPU.Build.0 = Release|Any CPU
		{EA40026B-B74C-4762-9CFA-A259F914251D}.Debug|Any CPU.ActiveCfg = Debug|Any CPU
		{EA40026B-B74C-4762-9CFA-A259F914251D}.Debug|Any CPU.Build.0 = Debug|Any CPU
		{EA40026B-B74C-4762-9CFA-A259F914251D}.Release|Any CPU.ActiveCfg = Release|Any CPU
		{EA40026B-B74C-4762-9CFA-A259F914251D}.Release|Any CPU.Build.0 = Release|Any CPU
		{D048248B-F686-4402-B7C3-7EAFEAB25D38}.Debug|Any CPU.ActiveCfg = Debug|Any CPU
		{D048248B-F686-4402-B7C3-7EAFEAB25D38}.Debug|Any CPU.Build.0 = Debug|Any CPU
		{D048248B-F686-4402-B7C3-7EAFEAB25D38}.Release|Any CPU.ActiveCfg = Release|Any CPU
		{D048248B-F686-4402-B7C3-7EAFEAB25D38}.Release|Any CPU.Build.0 = Release|Any CPU
		{89AD10B9-00BA-4D0A-B0AF-48A07E54F47D}.Debug|Any CPU.ActiveCfg = Debug|Any CPU
		{89AD10B9-00BA-4D0A-B0AF-48A07E54F47D}.Debug|Any CPU.Build.0 = Debug|Any CPU
		{89AD10B9-00BA-4D0A-B0AF-48A07E54F47D}.Release|Any CPU.ActiveCfg = Release|Any CPU
		{89AD10B9-00BA-4D0A-B0AF-48A07E54F47D}.Release|Any CPU.Build.0 = Release|Any CPU
		{80A60C31-6CF6-45EE-8A83-220E919027FC}.Debug|Any CPU.ActiveCfg = Debug|Any CPU
		{80A60C31-6CF6-45EE-8A83-220E919027FC}.Debug|Any CPU.Build.0 = Debug|Any CPU
		{80A60C31-6CF6-45EE-8A83-220E919027FC}.Release|Any CPU.ActiveCfg = Release|Any CPU
		{80A60C31-6CF6-45EE-8A83-220E919027FC}.Release|Any CPU.Build.0 = Release|Any CPU
		{9E583006-D7F9-4FF7-9816-F857D0C7DAEF}.Debug|Any CPU.ActiveCfg = Debug|Any CPU
		{9E583006-D7F9-4FF7-9816-F857D0C7DAEF}.Debug|Any CPU.Build.0 = Debug|Any CPU
		{9E583006-D7F9-4FF7-9816-F857D0C7DAEF}.Release|Any CPU.ActiveCfg = Release|Any CPU
		{9E583006-D7F9-4FF7-9816-F857D0C7DAEF}.Release|Any CPU.Build.0 = Release|Any CPU
		{BB89F73D-CCFD-4390-BAD1-B066F3F64F7F}.Debug|Any CPU.ActiveCfg = Debug|Any CPU
		{BB89F73D-CCFD-4390-BAD1-B066F3F64F7F}.Debug|Any CPU.Build.0 = Debug|Any CPU
		{BB89F73D-CCFD-4390-BAD1-B066F3F64F7F}.Release|Any CPU.ActiveCfg = Release|Any CPU
		{BB89F73D-CCFD-4390-BAD1-B066F3F64F7F}.Release|Any CPU.Build.0 = Release|Any CPU
		{E2323B9E-F60D-4433-8EF7-829D97587C8F}.Debug|Any CPU.ActiveCfg = Debug|Any CPU
		{E2323B9E-F60D-4433-8EF7-829D97587C8F}.Debug|Any CPU.Build.0 = Debug|Any CPU
		{E2323B9E-F60D-4433-8EF7-829D97587C8F}.Release|Any CPU.ActiveCfg = Release|Any CPU
		{E2323B9E-F60D-4433-8EF7-829D97587C8F}.Release|Any CPU.Build.0 = Release|Any CPU
		{6137627C-7C1B-4AE1-9E26-58F7805694B1}.Debug|Any CPU.ActiveCfg = Debug|Any CPU
		{6137627C-7C1B-4AE1-9E26-58F7805694B1}.Debug|Any CPU.Build.0 = Debug|Any CPU
		{6137627C-7C1B-4AE1-9E26-58F7805694B1}.Release|Any CPU.ActiveCfg = Release|Any CPU
		{6137627C-7C1B-4AE1-9E26-58F7805694B1}.Release|Any CPU.Build.0 = Release|Any CPU
		{9A1E6098-8F6D-4D23-A70F-4057DA911467}.Debug|Any CPU.ActiveCfg = Debug|Any CPU
		{9A1E6098-8F6D-4D23-A70F-4057DA911467}.Debug|Any CPU.Build.0 = Debug|Any CPU
		{9A1E6098-8F6D-4D23-A70F-4057DA911467}.Release|Any CPU.ActiveCfg = Release|Any CPU
		{9A1E6098-8F6D-4D23-A70F-4057DA911467}.Release|Any CPU.Build.0 = Release|Any CPU
		{9091F99C-58D8-426C-8259-64E46CFA95E0}.Debug|Any CPU.ActiveCfg = Debug|Any CPU
		{9091F99C-58D8-426C-8259-64E46CFA95E0}.Debug|Any CPU.Build.0 = Debug|Any CPU
		{9091F99C-58D8-426C-8259-64E46CFA95E0}.Release|Any CPU.ActiveCfg = Release|Any CPU
		{9091F99C-58D8-426C-8259-64E46CFA95E0}.Release|Any CPU.Build.0 = Release|Any CPU
		{C6A2FCDA-2C1D-4212-B62F-857FA4E1BF4D}.Debug|Any CPU.ActiveCfg = Debug|Any CPU
		{C6A2FCDA-2C1D-4212-B62F-857FA4E1BF4D}.Debug|Any CPU.Build.0 = Debug|Any CPU
		{C6A2FCDA-2C1D-4212-B62F-857FA4E1BF4D}.Release|Any CPU.ActiveCfg = Release|Any CPU
		{C6A2FCDA-2C1D-4212-B62F-857FA4E1BF4D}.Release|Any CPU.Build.0 = Release|Any CPU
		{56C5249E-8147-4B90-80C0-95D928EA1F8D}.Debug|Any CPU.ActiveCfg = Debug|Any CPU
		{56C5249E-8147-4B90-80C0-95D928EA1F8D}.Debug|Any CPU.Build.0 = Debug|Any CPU
		{56C5249E-8147-4B90-80C0-95D928EA1F8D}.Release|Any CPU.ActiveCfg = Release|Any CPU
		{56C5249E-8147-4B90-80C0-95D928EA1F8D}.Release|Any CPU.Build.0 = Release|Any CPU
		{60B60648-7FD3-4498-BAA9-EC0F22BCB5CA}.Debug|Any CPU.ActiveCfg = Debug|Any CPU
		{60B60648-7FD3-4498-BAA9-EC0F22BCB5CA}.Debug|Any CPU.Build.0 = Debug|Any CPU
		{60B60648-7FD3-4498-BAA9-EC0F22BCB5CA}.Release|Any CPU.ActiveCfg = Release|Any CPU
		{60B60648-7FD3-4498-BAA9-EC0F22BCB5CA}.Release|Any CPU.Build.0 = Release|Any CPU
		{B78D4530-A24B-4367-9108-5837E656C441}.Debug|Any CPU.ActiveCfg = Debug|Any CPU
		{B78D4530-A24B-4367-9108-5837E656C441}.Debug|Any CPU.Build.0 = Debug|Any CPU
		{B78D4530-A24B-4367-9108-5837E656C441}.Release|Any CPU.ActiveCfg = Release|Any CPU
		{B78D4530-A24B-4367-9108-5837E656C441}.Release|Any CPU.Build.0 = Release|Any CPU
		{1F25B52F-EDDB-46DD-89A2-9475BA78E8C0}.Debug|Any CPU.ActiveCfg = Debug|Any CPU
		{1F25B52F-EDDB-46DD-89A2-9475BA78E8C0}.Debug|Any CPU.Build.0 = Debug|Any CPU
		{1F25B52F-EDDB-46DD-89A2-9475BA78E8C0}.Release|Any CPU.ActiveCfg = Release|Any CPU
		{1F25B52F-EDDB-46DD-89A2-9475BA78E8C0}.Release|Any CPU.Build.0 = Release|Any CPU
		{F5AF512E-3863-4749-9A50-AE8428B05286}.Debug|Any CPU.ActiveCfg = Debug|Any CPU
		{F5AF512E-3863-4749-9A50-AE8428B05286}.Debug|Any CPU.Build.0 = Debug|Any CPU
		{F5AF512E-3863-4749-9A50-AE8428B05286}.Release|Any CPU.ActiveCfg = Release|Any CPU
		{F5AF512E-3863-4749-9A50-AE8428B05286}.Release|Any CPU.Build.0 = Release|Any CPU
		{F34BFF35-D555-4658-A927-B4FCB92BC0CA}.Debug|Any CPU.ActiveCfg = Debug|Any CPU
		{F34BFF35-D555-4658-A927-B4FCB92BC0CA}.Debug|Any CPU.Build.0 = Debug|Any CPU
		{F34BFF35-D555-4658-A927-B4FCB92BC0CA}.Release|Any CPU.ActiveCfg = Release|Any CPU
		{F34BFF35-D555-4658-A927-B4FCB92BC0CA}.Release|Any CPU.Build.0 = Release|Any CPU
		{7F31BD23-84FC-4D9A-8257-C838D2A10347}.Debug|Any CPU.ActiveCfg = Debug|Any CPU
		{7F31BD23-84FC-4D9A-8257-C838D2A10347}.Debug|Any CPU.Build.0 = Debug|Any CPU
		{7F31BD23-84FC-4D9A-8257-C838D2A10347}.Release|Any CPU.ActiveCfg = Release|Any CPU
		{7F31BD23-84FC-4D9A-8257-C838D2A10347}.Release|Any CPU.Build.0 = Release|Any CPU
		{3063DEDD-BA53-448A-9B0D-7787566C8521}.Debug|Any CPU.ActiveCfg = Debug|Any CPU
		{3063DEDD-BA53-448A-9B0D-7787566C8521}.Debug|Any CPU.Build.0 = Debug|Any CPU
		{3063DEDD-BA53-448A-9B0D-7787566C8521}.Release|Any CPU.ActiveCfg = Release|Any CPU
		{3063DEDD-BA53-448A-9B0D-7787566C8521}.Release|Any CPU.Build.0 = Release|Any CPU
		{84049D71-4333-43F6-8ACF-EF9C95DE0C54}.Debug|Any CPU.ActiveCfg = Debug|Any CPU
		{84049D71-4333-43F6-8ACF-EF9C95DE0C54}.Debug|Any CPU.Build.0 = Debug|Any CPU
		{84049D71-4333-43F6-8ACF-EF9C95DE0C54}.Release|Any CPU.ActiveCfg = Release|Any CPU
		{84049D71-4333-43F6-8ACF-EF9C95DE0C54}.Release|Any CPU.Build.0 = Release|Any CPU
		{3BD5FFE5-7B97-4EFE-B3D1-091C829C1557}.Debug|Any CPU.ActiveCfg = Debug|Any CPU
		{3BD5FFE5-7B97-4EFE-B3D1-091C829C1557}.Debug|Any CPU.Build.0 = Debug|Any CPU
		{3BD5FFE5-7B97-4EFE-B3D1-091C829C1557}.Release|Any CPU.ActiveCfg = Release|Any CPU
		{3BD5FFE5-7B97-4EFE-B3D1-091C829C1557}.Release|Any CPU.Build.0 = Release|Any CPU
		{6B4C364D-1D05-4AA2-9441-B599054CD501}.Debug|Any CPU.ActiveCfg = Debug|Any CPU
		{6B4C364D-1D05-4AA2-9441-B599054CD501}.Debug|Any CPU.Build.0 = Debug|Any CPU
		{6B4C364D-1D05-4AA2-9441-B599054CD501}.Release|Any CPU.ActiveCfg = Release|Any CPU
		{6B4C364D-1D05-4AA2-9441-B599054CD501}.Release|Any CPU.Build.0 = Release|Any CPU
		{BBD2EB68-DF20-4E47-A35E-82E08CFFBFA0}.Debug|Any CPU.ActiveCfg = Debug|Any CPU
		{BBD2EB68-DF20-4E47-A35E-82E08CFFBFA0}.Debug|Any CPU.Build.0 = Debug|Any CPU
		{BBD2EB68-DF20-4E47-A35E-82E08CFFBFA0}.Release|Any CPU.ActiveCfg = Release|Any CPU
		{BBD2EB68-DF20-4E47-A35E-82E08CFFBFA0}.Release|Any CPU.Build.0 = Release|Any CPU
		{59C4D3F6-FE43-4639-A99C-ED89CBB94058}.Debug|Any CPU.ActiveCfg = Debug|Any CPU
		{59C4D3F6-FE43-4639-A99C-ED89CBB94058}.Debug|Any CPU.Build.0 = Debug|Any CPU
		{59C4D3F6-FE43-4639-A99C-ED89CBB94058}.Release|Any CPU.ActiveCfg = Release|Any CPU
		{59C4D3F6-FE43-4639-A99C-ED89CBB94058}.Release|Any CPU.Build.0 = Release|Any CPU
		{95E23DCF-5DFB-4020-B453-8BAB2F873742}.Debug|Any CPU.ActiveCfg = Debug|Any CPU
		{95E23DCF-5DFB-4020-B453-8BAB2F873742}.Debug|Any CPU.Build.0 = Debug|Any CPU
		{95E23DCF-5DFB-4020-B453-8BAB2F873742}.Release|Any CPU.ActiveCfg = Release|Any CPU
		{95E23DCF-5DFB-4020-B453-8BAB2F873742}.Release|Any CPU.Build.0 = Release|Any CPU
		{19127178-FD37-47A5-BE5D-7A508E67969D}.Debug|Any CPU.ActiveCfg = Debug|Any CPU
		{19127178-FD37-47A5-BE5D-7A508E67969D}.Debug|Any CPU.Build.0 = Debug|Any CPU
		{19127178-FD37-47A5-BE5D-7A508E67969D}.Release|Any CPU.ActiveCfg = Release|Any CPU
		{19127178-FD37-47A5-BE5D-7A508E67969D}.Release|Any CPU.Build.0 = Release|Any CPU
	EndGlobalSection
	GlobalSection(SolutionProperties) = preSolution
		HideSolutionNode = FALSE
	EndGlobalSection
	GlobalSection(NestedProjects) = preSolution
		{8F5EB89A-8B8D-4E11-8CA5-4528574FCB9A} = {6965884D-C058-4512-9D99-A9F0BB747F96}
		{4180B2FB-5A40-4274-B374-4D783CC98FC5} = {6965884D-C058-4512-9D99-A9F0BB747F96}
		{6B983D92-3DAE-446A-8770-02EA4025654F} = {6965884D-C058-4512-9D99-A9F0BB747F96}
		{7B0461AA-D8CC-415D-98A0-6DDD64AC3DA5} = {6965884D-C058-4512-9D99-A9F0BB747F96}
		{28FFBDBF-5FD1-4676-ACAD-1AD71EB825F3} = {6965884D-C058-4512-9D99-A9F0BB747F96}
		{8DDDD8DC-8DCF-425F-BBB6-25420A29B1F7} = {6965884D-C058-4512-9D99-A9F0BB747F96}
		{67B9CD50-E658-4A3F-9DFD-27B353159F53} = {6965884D-C058-4512-9D99-A9F0BB747F96}
		{0D2F461D-C247-44F7-9DAC-EA18BF407219} = {6965884D-C058-4512-9D99-A9F0BB747F96}
		{B261AEB2-01C6-4A25-B6FD-FBB8B576A650} = {6965884D-C058-4512-9D99-A9F0BB747F96}
		{ACC786EC-6353-46C1-81A2-5F8882F705A6} = {6965884D-C058-4512-9D99-A9F0BB747F96}
		{E36E5DB9-D525-42AB-9159-D37833D04AFB} = {6965884D-C058-4512-9D99-A9F0BB747F96}
		{EA40026B-B74C-4762-9CFA-A259F914251D} = {6965884D-C058-4512-9D99-A9F0BB747F96}
		{D048248B-F686-4402-B7C3-7EAFEAB25D38} = {6965884D-C058-4512-9D99-A9F0BB747F96}
		{FFB7F5BF-ED2F-443D-B5CA-1B2E8001CAA5} = {6965884D-C058-4512-9D99-A9F0BB747F96}
		{89AD10B9-00BA-4D0A-B0AF-48A07E54F47D} = {198B939B-BA26-48B8-84A6-D616A91240CE}
		{80A60C31-6CF6-45EE-8A83-220E919027FC} = {198B939B-BA26-48B8-84A6-D616A91240CE}
		{9E583006-D7F9-4FF7-9816-F857D0C7DAEF} = {198B939B-BA26-48B8-84A6-D616A91240CE}
		{BB89F73D-CCFD-4390-BAD1-B066F3F64F7F} = {198B939B-BA26-48B8-84A6-D616A91240CE}
		{6137627C-7C1B-4AE1-9E26-58F7805694B1} = {198B939B-BA26-48B8-84A6-D616A91240CE}
		{9A1E6098-8F6D-4D23-A70F-4057DA911467} = {198B939B-BA26-48B8-84A6-D616A91240CE}
		{C6A2FCDA-2C1D-4212-B62F-857FA4E1BF4D} = {198B939B-BA26-48B8-84A6-D616A91240CE}
		{56C5249E-8147-4B90-80C0-95D928EA1F8D} = {198B939B-BA26-48B8-84A6-D616A91240CE}
		{60B60648-7FD3-4498-BAA9-EC0F22BCB5CA} = {198B939B-BA26-48B8-84A6-D616A91240CE}
		{B78D4530-A24B-4367-9108-5837E656C441} = {198B939B-BA26-48B8-84A6-D616A91240CE}
		{1F25B52F-EDDB-46DD-89A2-9475BA78E8C0} = {198B939B-BA26-48B8-84A6-D616A91240CE}
		{F5AF512E-3863-4749-9A50-AE8428B05286} = {198B939B-BA26-48B8-84A6-D616A91240CE}
		{7F31BD23-84FC-4D9A-8257-C838D2A10347} = {198B939B-BA26-48B8-84A6-D616A91240CE}
		{E2323B9E-F60D-4433-8EF7-829D97587C8F} = {FBC2BA5E-2797-46DD-A856-4F674B1BBC02}
		{F34BFF35-D555-4658-A927-B4FCB92BC0CA} = {FBC2BA5E-2797-46DD-A856-4F674B1BBC02}
		{9091F99C-58D8-426C-8259-64E46CFA95E0} = {9A8C7AD3-8E2F-46DF-9A28-BBB169CFFF5E}
		{3063DEDD-BA53-448A-9B0D-7787566C8521} = {356092AC-05DE-41D5-8CAF-C5EA1BB5EE31}
		{84049D71-4333-43F6-8ACF-EF9C95DE0C54} = {356092AC-05DE-41D5-8CAF-C5EA1BB5EE31}
		{3BD5FFE5-7B97-4EFE-B3D1-091C829C1557} = {356092AC-05DE-41D5-8CAF-C5EA1BB5EE31}
		{6B4C364D-1D05-4AA2-9441-B599054CD501} = {356092AC-05DE-41D5-8CAF-C5EA1BB5EE31}
		{BBD2EB68-DF20-4E47-A35E-82E08CFFBFA0} = {C182AA23-7833-403F-BF15-64806BAEFEF6}
		{59C4D3F6-FE43-4639-A99C-ED89CBB94058} = {C182AA23-7833-403F-BF15-64806BAEFEF6}
		{95E23DCF-5DFB-4020-B453-8BAB2F873742} = {C182AA23-7833-403F-BF15-64806BAEFEF6}
	EndGlobalSection
EndGlobal
